// !$*UTF8*$!
{
	archiveVersion = 1;
	classes = {
	};
	objectVersion = 56;
	objects = {

/* Begin PBXBuildFile section */
		2D39C8232BD86AAC001FDE50 /* AnswerBottomSheetViewController.swift in Sources */ = {isa = PBXBuildFile; fileRef = 2D39C8212BD86AAC001FDE50 /* AnswerBottomSheetViewController.swift */; };
		2D39C8242BD86AAC001FDE50 /* AnswerBottomSheetViewController.xib in Resources */ = {isa = PBXBuildFile; fileRef = 2D39C8222BD86AAC001FDE50 /* AnswerBottomSheetViewController.xib */; };
		2D4AC0062B67E48500D5F977 /* Sound1.mp3 in Resources */ = {isa = PBXBuildFile; fileRef = 2D4AC0052B67E48500D5F977 /* Sound1.mp3 */; };
		2D4AC0082B68182900D5F977 /* Sound2.mp3 in Resources */ = {isa = PBXBuildFile; fileRef = 2D4AC0072B68182900D5F977 /* Sound2.mp3 */; };
		2D4D64FB2BBB403600163504 /* OnbaordingViewModel.swift in Sources */ = {isa = PBXBuildFile; fileRef = 2D4D64FA2BBB403600163504 /* OnbaordingViewModel.swift */; };
		2D4D64FE2BBB416800163504 /* BlindColorHistoryViewController.swift in Sources */ = {isa = PBXBuildFile; fileRef = 2D4D64FC2BBB416800163504 /* BlindColorHistoryViewController.swift */; };
		2D4D64FF2BBB416800163504 /* BlindColorHistoryViewController.xib in Resources */ = {isa = PBXBuildFile; fileRef = 2D4D64FD2BBB416800163504 /* BlindColorHistoryViewController.xib */; };
		2D561DE72BDD69B6004CA1C3 /* SnelllenTestCollectionViewCell.swift in Sources */ = {isa = PBXBuildFile; fileRef = 2D561DE52BDD69B6004CA1C3 /* SnelllenTestCollectionViewCell.swift */; };
		2D561DE82BDD69B6004CA1C3 /* SnelllenTestCollectionViewCell.xib in Resources */ = {isa = PBXBuildFile; fileRef = 2D561DE62BDD69B6004CA1C3 /* SnelllenTestCollectionViewCell.xib */; };
		2D561DEB2BDDB8B7004CA1C3 /* BottomSheetTableViewCell.swift in Sources */ = {isa = PBXBuildFile; fileRef = 2D561DE92BDDB8B7004CA1C3 /* BottomSheetTableViewCell.swift */; };
		2D561DEC2BDDB8B7004CA1C3 /* BottomSheetTableViewCell.xib in Resources */ = {isa = PBXBuildFile; fileRef = 2D561DEA2BDDB8B7004CA1C3 /* BottomSheetTableViewCell.xib */; };
		2D561DF02BE2A35B004CA1C3 /* EyeTestsSummaryViewController.swift in Sources */ = {isa = PBXBuildFile; fileRef = 2D561DEE2BE2A35B004CA1C3 /* EyeTestsSummaryViewController.swift */; };
		2D561DF12BE2A35B004CA1C3 /* EyeTestsSummaryViewController.xib in Resources */ = {isa = PBXBuildFile; fileRef = 2D561DEF2BE2A35B004CA1C3 /* EyeTestsSummaryViewController.xib */; };
		2D561DF32BE2A419004CA1C3 /* SnellenTestResultList.swift in Sources */ = {isa = PBXBuildFile; fileRef = 2D561DF22BE2A419004CA1C3 /* SnellenTestResultList.swift */; };
		2D561DF52BE2A5E8004CA1C3 /* EyeTestsType.swift in Sources */ = {isa = PBXBuildFile; fileRef = 2D561DF42BE2A5E8004CA1C3 /* EyeTestsType.swift */; };
		2D561DFA2BE3F093004CA1C3 /* CollectionViewAnswerBottomSheetViewController.swift in Sources */ = {isa = PBXBuildFile; fileRef = 2D561DF82BE3F093004CA1C3 /* CollectionViewAnswerBottomSheetViewController.swift */; };
		2D561DFB2BE3F093004CA1C3 /* CollectionViewAnswerBottomSheetViewController.xib in Resources */ = {isa = PBXBuildFile; fileRef = 2D561DF92BE3F093004CA1C3 /* CollectionViewAnswerBottomSheetViewController.xib */; };
		2D561E052BE3F647004CA1C3 /* LandoltCTestData.swift in Sources */ = {isa = PBXBuildFile; fileRef = 2D561E042BE3F647004CA1C3 /* LandoltCTestData.swift */; };
		2D561E072BE3FA73004CA1C3 /* CollectionViewTestType.swift in Sources */ = {isa = PBXBuildFile; fileRef = 2D561E062BE3FA73004CA1C3 /* CollectionViewTestType.swift */; };
		2D561E092BE41602004CA1C3 /* CardModel.swift in Sources */ = {isa = PBXBuildFile; fileRef = 2D561E082BE41602004CA1C3 /* CardModel.swift */; };
		2D561E0C2BE4174E004CA1C3 /* LandoltCTestViewController.swift in Sources */ = {isa = PBXBuildFile; fileRef = 2D561E0A2BE4174E004CA1C3 /* LandoltCTestViewController.swift */; };
		2D561E0D2BE4174E004CA1C3 /* LandoltCTestViewController.xib in Resources */ = {isa = PBXBuildFile; fileRef = 2D561E0B2BE4174E004CA1C3 /* LandoltCTestViewController.xib */; };
		2D561E102BE42352004CA1C3 /* BottomSheetAnswerCollectionViewCell.swift in Sources */ = {isa = PBXBuildFile; fileRef = 2D561E0E2BE42352004CA1C3 /* BottomSheetAnswerCollectionViewCell.swift */; };
		2D561E112BE42352004CA1C3 /* BottomSheetAnswerCollectionViewCell.xib in Resources */ = {isa = PBXBuildFile; fileRef = 2D561E0F2BE42352004CA1C3 /* BottomSheetAnswerCollectionViewCell.xib */; };
		2D6034442BE6B2BC0049214D /* VolumeUpButton.json in Resources */ = {isa = PBXBuildFile; fileRef = 2D6034432BE6B2BC0049214D /* VolumeUpButton.json */; };
		2D6034472BE6BDDC0049214D /* SuggestHospitalCollectionViewCell.swift in Sources */ = {isa = PBXBuildFile; fileRef = 2D6034452BE6BDDC0049214D /* SuggestHospitalCollectionViewCell.swift */; };
		2D6034482BE6BDDC0049214D /* SuggestHospitalCollectionViewCell.xib in Resources */ = {isa = PBXBuildFile; fileRef = 2D6034462BE6BDDC0049214D /* SuggestHospitalCollectionViewCell.xib */; };
		2D60344A2BE6C3190049214D /* HospitalNearMeModel.swift in Sources */ = {isa = PBXBuildFile; fileRef = 2D6034492BE6C3190049214D /* HospitalNearMeModel.swift */; };
		2D60344D2BE7FC3B0049214D /* BlindColorTestData.swift in Sources */ = {isa = PBXBuildFile; fileRef = 2D60344C2BE7FC3B0049214D /* BlindColorTestData.swift */; };
		2D6034552BE998980049214D /* BlindColorViewController.swift in Sources */ = {isa = PBXBuildFile; fileRef = 2D6034532BE998980049214D /* BlindColorViewController.swift */; };
		2D6034562BE998980049214D /* BlindColorViewController.xib in Resources */ = {isa = PBXBuildFile; fileRef = 2D6034542BE998980049214D /* BlindColorViewController.xib */; };
		2D60345E2BEAA3EA0049214D /* BlindColorResult.swift in Sources */ = {isa = PBXBuildFile; fileRef = 2D60345D2BEAA3EA0049214D /* BlindColorResult.swift */; };
		2D6034612BEAB93E0049214D /* BlindColorTestSummaryViewController.swift in Sources */ = {isa = PBXBuildFile; fileRef = 2D60345F2BEAB93E0049214D /* BlindColorTestSummaryViewController.swift */; };
		2D6034622BEAB93E0049214D /* BlindColorTestSummaryViewController.xib in Resources */ = {isa = PBXBuildFile; fileRef = 2D6034602BEAB93E0049214D /* BlindColorTestSummaryViewController.xib */; };
		2D6034652BEBFAA70049214D /* EyeTestsHistoryViewController.swift in Sources */ = {isa = PBXBuildFile; fileRef = 2D6034632BEBFAA70049214D /* EyeTestsHistoryViewController.swift */; };
		2D6034662BEBFAA70049214D /* EyeTestsHistoryViewController.xib in Resources */ = {isa = PBXBuildFile; fileRef = 2D6034642BEBFAA70049214D /* EyeTestsHistoryViewController.xib */; };
		2D6034692BEBFAD30049214D /* AudiogramTestHistoryViewController.swift in Sources */ = {isa = PBXBuildFile; fileRef = 2D6034672BEBFAD30049214D /* AudiogramTestHistoryViewController.swift */; };
		2D60346A2BEBFAD30049214D /* AudiogramTestHistoryViewController.xib in Resources */ = {isa = PBXBuildFile; fileRef = 2D6034682BEBFAD30049214D /* AudiogramTestHistoryViewController.xib */; };
		2D60346E2BEBFB560049214D /* HistoryBottomSheetViewController.swift in Sources */ = {isa = PBXBuildFile; fileRef = 2D60346C2BEBFB560049214D /* HistoryBottomSheetViewController.swift */; };
		2D60346F2BEBFB560049214D /* HistoryBottomSheetViewController.xib in Resources */ = {isa = PBXBuildFile; fileRef = 2D60346D2BEBFB560049214D /* HistoryBottomSheetViewController.xib */; };
		2D6034722BEC12F60049214D /* EyeTestOnboardingViewController.swift in Sources */ = {isa = PBXBuildFile; fileRef = 2D6034702BEC12F60049214D /* EyeTestOnboardingViewController.swift */; };
		2D6034732BEC12F60049214D /* EyeTestOnboardingViewController.xib in Resources */ = {isa = PBXBuildFile; fileRef = 2D6034712BEC12F60049214D /* EyeTestOnboardingViewController.xib */; };
		2D6A87092BCECEA8006E2D41 /* 4000.mp3 in Resources */ = {isa = PBXBuildFile; fileRef = 2D6A87052BCECEA8006E2D41 /* 4000.mp3 */; };
		2D6A870A2BCECEA8006E2D41 /* 8000.mp3 in Resources */ = {isa = PBXBuildFile; fileRef = 2D6A87062BCECEA8006E2D41 /* 8000.mp3 */; };
		2D6A870B2BCECEA8006E2D41 /* 1000.mp3 in Resources */ = {isa = PBXBuildFile; fileRef = 2D6A87072BCECEA8006E2D41 /* 1000.mp3 */; };
		2D6A870C2BCECEA8006E2D41 /* 2000.mp3 in Resources */ = {isa = PBXBuildFile; fileRef = 2D6A87082BCECEA8006E2D41 /* 2000.mp3 */; };
		2D6A870F2BCED936006E2D41 /* MessageBox.swift in Sources */ = {isa = PBXBuildFile; fileRef = 2D6A870E2BCED936006E2D41 /* MessageBox.swift */; };
		2D6A87112BCED943006E2D41 /* MessageBox.xib in Resources */ = {isa = PBXBuildFile; fileRef = 2D6A87102BCED943006E2D41 /* MessageBox.xib */; };
		2D6A87142BCF0C0E006E2D41 /* EarTestResultList.swift in Sources */ = {isa = PBXBuildFile; fileRef = 2D6A87132BCF0C0E006E2D41 /* EarTestResultList.swift */; };
		2D708EDC2BB8B28A006146ED /* TableViewType.swift in Sources */ = {isa = PBXBuildFile; fileRef = 2D708EDB2BB8B28A006146ED /* TableViewType.swift */; };
		2D708EE52BB8B6FB006146ED /* TableView.swift in Sources */ = {isa = PBXBuildFile; fileRef = 2D708EE42BB8B6FB006146ED /* TableView.swift */; };
		2D708EE72BB8B707006146ED /* TableView.xib in Resources */ = {isa = PBXBuildFile; fileRef = 2D708EE62BB8B707006146ED /* TableView.xib */; };
		2D708EE92BB8B92A006146ED /* UITableView+Extension.swift in Sources */ = {isa = PBXBuildFile; fileRef = 2D708EE82BB8B92A006146ED /* UITableView+Extension.swift */; };
		2D708EEB2BB8BB17006146ED /* TableViewViewModel.swift in Sources */ = {isa = PBXBuildFile; fileRef = 2D708EEA2BB8BB17006146ED /* TableViewViewModel.swift */; };
		2D708EEE2BB8C013006146ED /* HistoryTableViewCell.swift in Sources */ = {isa = PBXBuildFile; fileRef = 2D708EEC2BB8C013006146ED /* HistoryTableViewCell.swift */; };
		2D708EEF2BB8C013006146ED /* HistoryTableViewCell.xib in Resources */ = {isa = PBXBuildFile; fileRef = 2D708EED2BB8C013006146ED /* HistoryTableViewCell.xib */; };
		2D8F3A8E2BA36156009B675D /* HearingTestSummaryViewController.swift in Sources */ = {isa = PBXBuildFile; fileRef = 2D8F3A8C2BA36156009B675D /* HearingTestSummaryViewController.swift */; };
		2D8F3A8F2BA36156009B675D /* HearingTestSummaryViewController.xib in Resources */ = {isa = PBXBuildFile; fileRef = 2D8F3A8D2BA36156009B675D /* HearingTestSummaryViewController.xib */; };
		2D91A3932B6AEE7700CE086C /* CollectionViewModel.swift in Sources */ = {isa = PBXBuildFile; fileRef = 2D91A3922B6AEE7700CE086C /* CollectionViewModel.swift */; };
		2D96EB652BD05EF60082E315 /* headPhone.json in Resources */ = {isa = PBXBuildFile; fileRef = 2D96EB642BD05EF60082E315 /* headPhone.json */; };
		2DA1F7C42BD568D2007B3BF7 /* HearingViewModel.swift in Sources */ = {isa = PBXBuildFile; fileRef = 2DA1F7C32BD568D2007B3BF7 /* HearingViewModel.swift */; };
		2DA1F7C82BD572EB007B3BF7 /* SnellenTestData.swift in Sources */ = {isa = PBXBuildFile; fileRef = 2DA1F7C72BD572EB007B3BF7 /* SnellenTestData.swift */; };
		2DA1F7CB2BD84422007B3BF7 /* SnellenTestViewController.swift in Sources */ = {isa = PBXBuildFile; fileRef = 2DA1F7C92BD84422007B3BF7 /* SnellenTestViewController.swift */; };
		2DA1F7CC2BD84422007B3BF7 /* SnellenTestViewController.xib in Resources */ = {isa = PBXBuildFile; fileRef = 2DA1F7CA2BD84422007B3BF7 /* SnellenTestViewController.xib */; };
		2DA4A6192B7E31A400CC2380 /* success.json in Resources */ = {isa = PBXBuildFile; fileRef = 2DA4A6182B7E31A400CC2380 /* success.json */; };
		2DA4A61D2B7E542300CC2380 /* NavigationBar.swift in Sources */ = {isa = PBXBuildFile; fileRef = 2DA4A61C2B7E542300CC2380 /* NavigationBar.swift */; };
		2DA4A61F2B7E543300CC2380 /* NavigationBar.xib in Resources */ = {isa = PBXBuildFile; fileRef = 2DA4A61E2B7E543300CC2380 /* NavigationBar.xib */; };
		2DA4A6232B81038E00CC2380 /* BlankBottomSheet.swift in Sources */ = {isa = PBXBuildFile; fileRef = 2DA4A6222B81038E00CC2380 /* BlankBottomSheet.swift */; };
		2DA4A6272B84EB4D00CC2380 /* AphabetSnellenViewController.swift in Sources */ = {isa = PBXBuildFile; fileRef = 2DA4A6252B84EB4D00CC2380 /* AphabetSnellenViewController.swift */; };
		2DA4A6282B84EB4D00CC2380 /* AphabetSnellenViewController.xib in Resources */ = {isa = PBXBuildFile; fileRef = 2DA4A6262B84EB4D00CC2380 /* AphabetSnellenViewController.xib */; };
		2DA4A62C2B84EC5700CC2380 /* HearingTestViewModel.swift in Sources */ = {isa = PBXBuildFile; fileRef = 2DA4A62B2B84EC5700CC2380 /* HearingTestViewModel.swift */; };
		2DB523AD2B7DFA9D00AFF154 /* HearingViewController.swift in Sources */ = {isa = PBXBuildFile; fileRef = 2DB523AB2B7DFA9D00AFF154 /* HearingViewController.swift */; };
		2DB523AE2B7DFA9D00AFF154 /* HearingViewController.xib in Resources */ = {isa = PBXBuildFile; fileRef = 2DB523AC2B7DFA9D00AFF154 /* HearingViewController.xib */; };
		2DB523B02B7E0B8500AFF154 /* animation.json in Resources */ = {isa = PBXBuildFile; fileRef = 2DB523AF2B7E0B8500AFF154 /* animation.json */; };
		2DB974062B657F16009BE2C8 /* AppDelegate.swift in Sources */ = {isa = PBXBuildFile; fileRef = 2DB974052B657F16009BE2C8 /* AppDelegate.swift */; };
		2DB9740F2B657F17009BE2C8 /* Assets.xcassets in Resources */ = {isa = PBXBuildFile; fileRef = 2DB9740E2B657F17009BE2C8 /* Assets.xcassets */; };
		2DB974122B657F17009BE2C8 /* LaunchScreen.storyboard in Resources */ = {isa = PBXBuildFile; fileRef = 2DB974102B657F17009BE2C8 /* LaunchScreen.storyboard */; };
		2DB974292B658244009BE2C8 /* EyeHubColor.swift in Sources */ = {isa = PBXBuildFile; fileRef = 2DB974282B658244009BE2C8 /* EyeHubColor.swift */; };
		2DB9743F2B6594DC009BE2C8 /* EyeHubRadius.swift in Sources */ = {isa = PBXBuildFile; fileRef = 2DB9743E2B6594DC009BE2C8 /* EyeHubRadius.swift */; };
		2DB974472B663077009BE2C8 /* UIView+Extension.swift in Sources */ = {isa = PBXBuildFile; fileRef = 2DB974462B663077009BE2C8 /* UIView+Extension.swift */; };
		2DB9746A2B666120009BE2C8 /* Appearance.swift in Sources */ = {isa = PBXBuildFile; fileRef = 2DB974692B666120009BE2C8 /* Appearance.swift */; };
		2DB9746C2B66612F009BE2C8 /* PaddingModel.swift in Sources */ = {isa = PBXBuildFile; fileRef = 2DB9746B2B66612F009BE2C8 /* PaddingModel.swift */; };
		2DB9746E2B66613C009BE2C8 /* ButtonSize.swift in Sources */ = {isa = PBXBuildFile; fileRef = 2DB9746D2B66613C009BE2C8 /* ButtonSize.swift */; };
		2DB974702B66614A009BE2C8 /* ButtonState.swift in Sources */ = {isa = PBXBuildFile; fileRef = 2DB9746F2B66614A009BE2C8 /* ButtonState.swift */; };
		2DB974742B666172009BE2C8 /* ButtonSubType.swift in Sources */ = {isa = PBXBuildFile; fileRef = 2DB974732B666172009BE2C8 /* ButtonSubType.swift */; };
		2DB974762B666182009BE2C8 /* ButtonType.swift in Sources */ = {isa = PBXBuildFile; fileRef = 2DB974752B666182009BE2C8 /* ButtonType.swift */; };
		2DB974782B666198009BE2C8 /* ButtonColorAppearanceBuilder.swift in Sources */ = {isa = PBXBuildFile; fileRef = 2DB974772B666198009BE2C8 /* ButtonColorAppearanceBuilder.swift */; };
		2DB9747A2B6661A4009BE2C8 /* PrimaryButton.swift in Sources */ = {isa = PBXBuildFile; fileRef = 2DB974792B6661A4009BE2C8 /* PrimaryButton.swift */; };
		2DB9747C2B66641F009BE2C8 /* Typography.swift in Sources */ = {isa = PBXBuildFile; fileRef = 2DB9747B2B66641F009BE2C8 /* Typography.swift */; };
		2DB974A32B666C87009BE2C8 /* Kanit-Italic.ttf in Resources */ = {isa = PBXBuildFile; fileRef = 2DB974912B666C86009BE2C8 /* Kanit-Italic.ttf */; };
		2DB974A42B666C87009BE2C8 /* Kanit-Medium.ttf in Resources */ = {isa = PBXBuildFile; fileRef = 2DB974922B666C86009BE2C8 /* Kanit-Medium.ttf */; };
		2DB974A52B666C87009BE2C8 /* Kanit-Bold.ttf in Resources */ = {isa = PBXBuildFile; fileRef = 2DB974932B666C86009BE2C8 /* Kanit-Bold.ttf */; };
		2DB974A62B666C87009BE2C8 /* Kanit-ExtraBold.ttf in Resources */ = {isa = PBXBuildFile; fileRef = 2DB974942B666C86009BE2C8 /* Kanit-ExtraBold.ttf */; };
		2DB974A72B666C87009BE2C8 /* Kanit-ExtraLight.ttf in Resources */ = {isa = PBXBuildFile; fileRef = 2DB974952B666C86009BE2C8 /* Kanit-ExtraLight.ttf */; };
		2DB974A82B666C87009BE2C8 /* Kanit-MediumItalic.ttf in Resources */ = {isa = PBXBuildFile; fileRef = 2DB974962B666C86009BE2C8 /* Kanit-MediumItalic.ttf */; };
		2DB974A92B666C87009BE2C8 /* Kanit-LightItalic.ttf in Resources */ = {isa = PBXBuildFile; fileRef = 2DB974972B666C86009BE2C8 /* Kanit-LightItalic.ttf */; };
		2DB974AA2B666C87009BE2C8 /* Kanit-ExtraLightItalic.ttf in Resources */ = {isa = PBXBuildFile; fileRef = 2DB974982B666C86009BE2C8 /* Kanit-ExtraLightItalic.ttf */; };
		2DB974AB2B666C87009BE2C8 /* Kanit-BoldItalic.ttf in Resources */ = {isa = PBXBuildFile; fileRef = 2DB974992B666C86009BE2C8 /* Kanit-BoldItalic.ttf */; };
		2DB974AC2B666C87009BE2C8 /* Kanit-Light.ttf in Resources */ = {isa = PBXBuildFile; fileRef = 2DB9749A2B666C86009BE2C8 /* Kanit-Light.ttf */; };
		2DB974AD2B666C87009BE2C8 /* Kanit-BlackItalic.ttf in Resources */ = {isa = PBXBuildFile; fileRef = 2DB9749B2B666C87009BE2C8 /* Kanit-BlackItalic.ttf */; };
		2DB974AE2B666C87009BE2C8 /* Kanit-Regular.ttf in Resources */ = {isa = PBXBuildFile; fileRef = 2DB9749C2B666C87009BE2C8 /* Kanit-Regular.ttf */; };
		2DB974AF2B666C87009BE2C8 /* Kanit-ThinItalic.ttf in Resources */ = {isa = PBXBuildFile; fileRef = 2DB9749D2B666C87009BE2C8 /* Kanit-ThinItalic.ttf */; };
		2DB974B02B666C87009BE2C8 /* Kanit-SemiBold.ttf in Resources */ = {isa = PBXBuildFile; fileRef = 2DB9749E2B666C87009BE2C8 /* Kanit-SemiBold.ttf */; };
		2DB974B12B666C87009BE2C8 /* Kanit-ExtraBoldItalic.ttf in Resources */ = {isa = PBXBuildFile; fileRef = 2DB9749F2B666C87009BE2C8 /* Kanit-ExtraBoldItalic.ttf */; };
		2DB974B22B666C87009BE2C8 /* Kanit-Black.ttf in Resources */ = {isa = PBXBuildFile; fileRef = 2DB974A02B666C87009BE2C8 /* Kanit-Black.ttf */; };
		2DB974B32B666C87009BE2C8 /* Kanit-Thin.ttf in Resources */ = {isa = PBXBuildFile; fileRef = 2DB974A12B666C87009BE2C8 /* Kanit-Thin.ttf */; };
		2DB974B42B666C87009BE2C8 /* Kanit-SemiBoldItalic.ttf in Resources */ = {isa = PBXBuildFile; fileRef = 2DB974A22B666C87009BE2C8 /* Kanit-SemiBoldItalic.ttf */; };
		2DB974B62B666DB5009BE2C8 /* UIFonts+Extension.swift in Sources */ = {isa = PBXBuildFile; fileRef = 2DB974B52B666DB5009BE2C8 /* UIFonts+Extension.swift */; };
		2DB974BA2B667C39009BE2C8 /* HomeViewController.swift in Sources */ = {isa = PBXBuildFile; fileRef = 2DB974B82B667C39009BE2C8 /* HomeViewController.swift */; };
		2DB974BC2B667F4F009BE2C8 /* HomeViewController.xib in Resources */ = {isa = PBXBuildFile; fileRef = 2DB974B92B667C39009BE2C8 /* HomeViewController.xib */; };
		2DB974C02B6681BC009BE2C8 /* OnBoardingViewController.swift in Sources */ = {isa = PBXBuildFile; fileRef = 2DB974BE2B6681BC009BE2C8 /* OnBoardingViewController.swift */; };
		2DB974C12B6681BC009BE2C8 /* OnBoardingViewController.xib in Resources */ = {isa = PBXBuildFile; fileRef = 2DB974BF2B6681BC009BE2C8 /* OnBoardingViewController.xib */; };
		2DB974C72B67CB9F009BE2C8 /* VoiceConceptViewController.swift in Sources */ = {isa = PBXBuildFile; fileRef = 2DB974C52B67CB9F009BE2C8 /* VoiceConceptViewController.swift */; };
		2DB974C82B67CB9F009BE2C8 /* VoiceConceptViewController.xib in Resources */ = {isa = PBXBuildFile; fileRef = 2DB974C62B67CB9F009BE2C8 /* VoiceConceptViewController.xib */; };
		2DDF31EA2BE57C5400E15D4B /* firstEyeTest.mp3 in Resources */ = {isa = PBXBuildFile; fileRef = 2DDF31E82BE57C5400E15D4B /* firstEyeTest.mp3 */; };
		2DDF31EB2BE57C5400E15D4B /* seccondEyeTest.mp3 in Resources */ = {isa = PBXBuildFile; fileRef = 2DDF31E92BE57C5400E15D4B /* seccondEyeTest.mp3 */; };
		2DDF31ED2BE642C000E15D4B /* Inter-VariableFont.ttf in Resources */ = {isa = PBXBuildFile; fileRef = 2DDF31EC2BE642C000E15D4B /* Inter-VariableFont.ttf */; };
		2DDF31F12BE65A5500E15D4B /* TumblingETestData.swift in Sources */ = {isa = PBXBuildFile; fileRef = 2DDF31F02BE65A5500E15D4B /* TumblingETestData.swift */; };
		2DDF31F42BE65B5D00E15D4B /* TumblingETestViewController.swift in Sources */ = {isa = PBXBuildFile; fileRef = 2DDF31F22BE65B5D00E15D4B /* TumblingETestViewController.swift */; };
		2DDF31F52BE65B5D00E15D4B /* TumblingETestViewController.xib in Resources */ = {isa = PBXBuildFile; fileRef = 2DDF31F32BE65B5D00E15D4B /* TumblingETestViewController.xib */; };
		2DEB15602BC062EA003FB88C /* HearingTestViewController.swift in Sources */ = {isa = PBXBuildFile; fileRef = 2DEB155E2BC062EA003FB88C /* HearingTestViewController.swift */; };
		2DEB15612BC062EA003FB88C /* HearingTestViewController.xib in Resources */ = {isa = PBXBuildFile; fileRef = 2DEB155F2BC062EA003FB88C /* HearingTestViewController.xib */; };
		2DEB15642BC07B4D003FB88C /* ToneGenerator.swift in Sources */ = {isa = PBXBuildFile; fileRef = 2DEB15632BC07B4D003FB88C /* ToneGenerator.swift */; };
		2DEB15662BC1D026003FB88C /* AudioController.swift in Sources */ = {isa = PBXBuildFile; fileRef = 2DEB15652BC1D026003FB88C /* AudioController.swift */; };
		2DEB15952BC2EBA5003FB88C /* OnBoarding.swift in Sources */ = {isa = PBXBuildFile; fileRef = 2DEB15942BC2EBA5003FB88C /* OnBoarding.swift */; };
		2DEB15972BC2EBB2003FB88C /* OnBoarding.xib in Resources */ = {isa = PBXBuildFile; fileRef = 2DEB15962BC2EBB2003FB88C /* OnBoarding.xib */; };
		2DEB159A2BC44210003FB88C /* 500.mp3 in Resources */ = {isa = PBXBuildFile; fileRef = 2DEB15992BC44210003FB88C /* 500.mp3 */; };
		2DEB159D2BC4583E003FB88C /* TestFrequencies.swift in Sources */ = {isa = PBXBuildFile; fileRef = 2DEB159C2BC4583E003FB88C /* TestFrequencies.swift */; };
		2DEB15A12BCC168F003FB88C /* GoogleService-Info.plist in Resources */ = {isa = PBXBuildFile; fileRef = 2DEB15A02BCC168F003FB88C /* GoogleService-Info.plist */; };
		2DEB15A32BCECB34003FB88C /* TestResults.swift in Sources */ = {isa = PBXBuildFile; fileRef = 2DEB15A22BCECB34003FB88C /* TestResults.swift */; };
		2DF334632B6AC0A50063944B /* HomeMenuButton.swift in Sources */ = {isa = PBXBuildFile; fileRef = 2DF334622B6AC0A50063944B /* HomeMenuButton.swift */; };
		2DF334652B6AC0AE0063944B /* HomeMenuButton.xib in Resources */ = {isa = PBXBuildFile; fileRef = 2DF334642B6AC0AE0063944B /* HomeMenuButton.xib */; };
		2DF334692B6AC4090063944B /* HomeMenuButtonState.swift in Sources */ = {isa = PBXBuildFile; fileRef = 2DF334682B6AC4090063944B /* HomeMenuButtonState.swift */; };
		2DF3346B2B6AC46C0063944B /* HomeMenuButtonActionState.swift in Sources */ = {isa = PBXBuildFile; fileRef = 2DF3346A2B6AC46C0063944B /* HomeMenuButtonActionState.swift */; };
		2DF3346D2B6AC4B00063944B /* HomeMenuButtonViewModel.swift in Sources */ = {isa = PBXBuildFile; fileRef = 2DF3346C2B6AC4B00063944B /* HomeMenuButtonViewModel.swift */; };
		2DF334702B6AD16A0063944B /* CollectionView.swift in Sources */ = {isa = PBXBuildFile; fileRef = 2DF3346F2B6AD16A0063944B /* CollectionView.swift */; };
		2DF334722B6AD17B0063944B /* CollectionView.xib in Resources */ = {isa = PBXBuildFile; fileRef = 2DF334712B6AD17B0063944B /* CollectionView.xib */; };
		2DF334742B6AD3360063944B /* CollectionViewType.swift in Sources */ = {isa = PBXBuildFile; fileRef = 2DF334732B6AD3360063944B /* CollectionViewType.swift */; };
		2DF334762B6AD4750063944B /* UICollectionView+Extensions.swift in Sources */ = {isa = PBXBuildFile; fileRef = 2DF334752B6AD4750063944B /* UICollectionView+Extensions.swift */; };
		2DF3347B2B6AD7910063944B /* HomeScreenCollectionViewCell.swift in Sources */ = {isa = PBXBuildFile; fileRef = 2DF334792B6AD7910063944B /* HomeScreenCollectionViewCell.swift */; };
		2DF3347C2B6AD7910063944B /* HomeScreenCollectionViewCell.xib in Resources */ = {isa = PBXBuildFile; fileRef = 2DF3347A2B6AD7910063944B /* HomeScreenCollectionViewCell.xib */; };
		2DFEA6B62BAA0A67003D9337 /* OnboardingModel.swift in Sources */ = {isa = PBXBuildFile; fileRef = 2DFEA6B52BAA0A67003D9337 /* OnboardingModel.swift */; };
		DE0F44EA3DAA79C7B7D5C951 /* Pods_EyeHub.framework in Frameworks */ = {isa = PBXBuildFile; fileRef = D76E8DB1A5C2B437BF40323E /* Pods_EyeHub.framework */; };
/* End PBXBuildFile section */

/* Begin PBXFileReference section */
		2D39C8212BD86AAC001FDE50 /* AnswerBottomSheetViewController.swift */ = {isa = PBXFileReference; lastKnownFileType = sourcecode.swift; path = AnswerBottomSheetViewController.swift; sourceTree = "<group>"; };
		2D39C8222BD86AAC001FDE50 /* AnswerBottomSheetViewController.xib */ = {isa = PBXFileReference; lastKnownFileType = file.xib; path = AnswerBottomSheetViewController.xib; sourceTree = "<group>"; };
		2D4AC0052B67E48500D5F977 /* Sound1.mp3 */ = {isa = PBXFileReference; lastKnownFileType = audio.mp3; path = Sound1.mp3; sourceTree = "<group>"; };
		2D4AC0072B68182900D5F977 /* Sound2.mp3 */ = {isa = PBXFileReference; lastKnownFileType = audio.mp3; path = Sound2.mp3; sourceTree = "<group>"; };
		2D4D64FA2BBB403600163504 /* OnbaordingViewModel.swift */ = {isa = PBXFileReference; lastKnownFileType = sourcecode.swift; path = OnbaordingViewModel.swift; sourceTree = "<group>"; };
		2D4D64FC2BBB416800163504 /* BlindColorHistoryViewController.swift */ = {isa = PBXFileReference; lastKnownFileType = sourcecode.swift; path = BlindColorHistoryViewController.swift; sourceTree = "<group>"; };
		2D4D64FD2BBB416800163504 /* BlindColorHistoryViewController.xib */ = {isa = PBXFileReference; lastKnownFileType = file.xib; path = BlindColorHistoryViewController.xib; sourceTree = "<group>"; };
		2D561DE52BDD69B6004CA1C3 /* SnelllenTestCollectionViewCell.swift */ = {isa = PBXFileReference; lastKnownFileType = sourcecode.swift; path = SnelllenTestCollectionViewCell.swift; sourceTree = "<group>"; };
		2D561DE62BDD69B6004CA1C3 /* SnelllenTestCollectionViewCell.xib */ = {isa = PBXFileReference; lastKnownFileType = file.xib; path = SnelllenTestCollectionViewCell.xib; sourceTree = "<group>"; };
		2D561DE92BDDB8B7004CA1C3 /* BottomSheetTableViewCell.swift */ = {isa = PBXFileReference; lastKnownFileType = sourcecode.swift; path = BottomSheetTableViewCell.swift; sourceTree = "<group>"; };
		2D561DEA2BDDB8B7004CA1C3 /* BottomSheetTableViewCell.xib */ = {isa = PBXFileReference; lastKnownFileType = file.xib; path = BottomSheetTableViewCell.xib; sourceTree = "<group>"; };
		2D561DEE2BE2A35B004CA1C3 /* EyeTestsSummaryViewController.swift */ = {isa = PBXFileReference; lastKnownFileType = sourcecode.swift; path = EyeTestsSummaryViewController.swift; sourceTree = "<group>"; };
		2D561DEF2BE2A35B004CA1C3 /* EyeTestsSummaryViewController.xib */ = {isa = PBXFileReference; lastKnownFileType = file.xib; path = EyeTestsSummaryViewController.xib; sourceTree = "<group>"; };
		2D561DF22BE2A419004CA1C3 /* SnellenTestResultList.swift */ = {isa = PBXFileReference; lastKnownFileType = sourcecode.swift; path = SnellenTestResultList.swift; sourceTree = "<group>"; };
		2D561DF42BE2A5E8004CA1C3 /* EyeTestsType.swift */ = {isa = PBXFileReference; lastKnownFileType = sourcecode.swift; path = EyeTestsType.swift; sourceTree = "<group>"; };
		2D561DF82BE3F093004CA1C3 /* CollectionViewAnswerBottomSheetViewController.swift */ = {isa = PBXFileReference; lastKnownFileType = sourcecode.swift; path = CollectionViewAnswerBottomSheetViewController.swift; sourceTree = "<group>"; };
		2D561DF92BE3F093004CA1C3 /* CollectionViewAnswerBottomSheetViewController.xib */ = {isa = PBXFileReference; lastKnownFileType = file.xib; path = CollectionViewAnswerBottomSheetViewController.xib; sourceTree = "<group>"; };
		2D561E042BE3F647004CA1C3 /* LandoltCTestData.swift */ = {isa = PBXFileReference; lastKnownFileType = sourcecode.swift; path = LandoltCTestData.swift; sourceTree = "<group>"; };
		2D561E062BE3FA73004CA1C3 /* CollectionViewTestType.swift */ = {isa = PBXFileReference; lastKnownFileType = sourcecode.swift; path = CollectionViewTestType.swift; sourceTree = "<group>"; };
		2D561E082BE41602004CA1C3 /* CardModel.swift */ = {isa = PBXFileReference; lastKnownFileType = sourcecode.swift; path = CardModel.swift; sourceTree = "<group>"; };
		2D561E0A2BE4174E004CA1C3 /* LandoltCTestViewController.swift */ = {isa = PBXFileReference; lastKnownFileType = sourcecode.swift; path = LandoltCTestViewController.swift; sourceTree = "<group>"; };
		2D561E0B2BE4174E004CA1C3 /* LandoltCTestViewController.xib */ = {isa = PBXFileReference; lastKnownFileType = file.xib; path = LandoltCTestViewController.xib; sourceTree = "<group>"; };
		2D561E0E2BE42352004CA1C3 /* BottomSheetAnswerCollectionViewCell.swift */ = {isa = PBXFileReference; lastKnownFileType = sourcecode.swift; path = BottomSheetAnswerCollectionViewCell.swift; sourceTree = "<group>"; };
		2D561E0F2BE42352004CA1C3 /* BottomSheetAnswerCollectionViewCell.xib */ = {isa = PBXFileReference; lastKnownFileType = file.xib; path = BottomSheetAnswerCollectionViewCell.xib; sourceTree = "<group>"; };
		2D6034432BE6B2BC0049214D /* VolumeUpButton.json */ = {isa = PBXFileReference; fileEncoding = 4; lastKnownFileType = text.json; path = VolumeUpButton.json; sourceTree = "<group>"; };
		2D6034452BE6BDDC0049214D /* SuggestHospitalCollectionViewCell.swift */ = {isa = PBXFileReference; lastKnownFileType = sourcecode.swift; path = SuggestHospitalCollectionViewCell.swift; sourceTree = "<group>"; };
		2D6034462BE6BDDC0049214D /* SuggestHospitalCollectionViewCell.xib */ = {isa = PBXFileReference; lastKnownFileType = file.xib; path = SuggestHospitalCollectionViewCell.xib; sourceTree = "<group>"; };
		2D6034492BE6C3190049214D /* HospitalNearMeModel.swift */ = {isa = PBXFileReference; lastKnownFileType = sourcecode.swift; path = HospitalNearMeModel.swift; sourceTree = "<group>"; };
		2D60344C2BE7FC3B0049214D /* BlindColorTestData.swift */ = {isa = PBXFileReference; lastKnownFileType = sourcecode.swift; path = BlindColorTestData.swift; sourceTree = "<group>"; };
		2D6034532BE998980049214D /* BlindColorViewController.swift */ = {isa = PBXFileReference; lastKnownFileType = sourcecode.swift; path = BlindColorViewController.swift; sourceTree = "<group>"; };
		2D6034542BE998980049214D /* BlindColorViewController.xib */ = {isa = PBXFileReference; lastKnownFileType = file.xib; path = BlindColorViewController.xib; sourceTree = "<group>"; };
		2D60345D2BEAA3EA0049214D /* BlindColorResult.swift */ = {isa = PBXFileReference; lastKnownFileType = sourcecode.swift; path = BlindColorResult.swift; sourceTree = "<group>"; };
		2D60345F2BEAB93E0049214D /* BlindColorTestSummaryViewController.swift */ = {isa = PBXFileReference; lastKnownFileType = sourcecode.swift; path = BlindColorTestSummaryViewController.swift; sourceTree = "<group>"; };
		2D6034602BEAB93E0049214D /* BlindColorTestSummaryViewController.xib */ = {isa = PBXFileReference; lastKnownFileType = file.xib; path = BlindColorTestSummaryViewController.xib; sourceTree = "<group>"; };
		2D6034632BEBFAA70049214D /* EyeTestsHistoryViewController.swift */ = {isa = PBXFileReference; lastKnownFileType = sourcecode.swift; path = EyeTestsHistoryViewController.swift; sourceTree = "<group>"; };
		2D6034642BEBFAA70049214D /* EyeTestsHistoryViewController.xib */ = {isa = PBXFileReference; lastKnownFileType = file.xib; path = EyeTestsHistoryViewController.xib; sourceTree = "<group>"; };
		2D6034672BEBFAD30049214D /* AudiogramTestHistoryViewController.swift */ = {isa = PBXFileReference; lastKnownFileType = sourcecode.swift; path = AudiogramTestHistoryViewController.swift; sourceTree = "<group>"; };
		2D6034682BEBFAD30049214D /* AudiogramTestHistoryViewController.xib */ = {isa = PBXFileReference; lastKnownFileType = file.xib; path = AudiogramTestHistoryViewController.xib; sourceTree = "<group>"; };
		2D60346C2BEBFB560049214D /* HistoryBottomSheetViewController.swift */ = {isa = PBXFileReference; lastKnownFileType = sourcecode.swift; path = HistoryBottomSheetViewController.swift; sourceTree = "<group>"; };
		2D60346D2BEBFB560049214D /* HistoryBottomSheetViewController.xib */ = {isa = PBXFileReference; lastKnownFileType = file.xib; path = HistoryBottomSheetViewController.xib; sourceTree = "<group>"; };
		2D6034702BEC12F60049214D /* EyeTestOnboardingViewController.swift */ = {isa = PBXFileReference; lastKnownFileType = sourcecode.swift; path = EyeTestOnboardingViewController.swift; sourceTree = "<group>"; };
		2D6034712BEC12F60049214D /* EyeTestOnboardingViewController.xib */ = {isa = PBXFileReference; lastKnownFileType = file.xib; path = EyeTestOnboardingViewController.xib; sourceTree = "<group>"; };
		2D6A87052BCECEA8006E2D41 /* 4000.mp3 */ = {isa = PBXFileReference; lastKnownFileType = audio.mp3; path = 4000.mp3; sourceTree = "<group>"; };
		2D6A87062BCECEA8006E2D41 /* 8000.mp3 */ = {isa = PBXFileReference; lastKnownFileType = audio.mp3; path = 8000.mp3; sourceTree = "<group>"; };
		2D6A87072BCECEA8006E2D41 /* 1000.mp3 */ = {isa = PBXFileReference; lastKnownFileType = audio.mp3; path = 1000.mp3; sourceTree = "<group>"; };
		2D6A87082BCECEA8006E2D41 /* 2000.mp3 */ = {isa = PBXFileReference; lastKnownFileType = audio.mp3; path = 2000.mp3; sourceTree = "<group>"; };
		2D6A870E2BCED936006E2D41 /* MessageBox.swift */ = {isa = PBXFileReference; lastKnownFileType = sourcecode.swift; path = MessageBox.swift; sourceTree = "<group>"; };
		2D6A87102BCED943006E2D41 /* MessageBox.xib */ = {isa = PBXFileReference; lastKnownFileType = file.xib; path = MessageBox.xib; sourceTree = "<group>"; };
		2D6A87132BCF0C0E006E2D41 /* EarTestResultList.swift */ = {isa = PBXFileReference; lastKnownFileType = sourcecode.swift; path = EarTestResultList.swift; sourceTree = "<group>"; };
		2D708EDB2BB8B28A006146ED /* TableViewType.swift */ = {isa = PBXFileReference; lastKnownFileType = sourcecode.swift; path = TableViewType.swift; sourceTree = "<group>"; };
		2D708EE42BB8B6FB006146ED /* TableView.swift */ = {isa = PBXFileReference; lastKnownFileType = sourcecode.swift; path = TableView.swift; sourceTree = "<group>"; };
		2D708EE62BB8B707006146ED /* TableView.xib */ = {isa = PBXFileReference; lastKnownFileType = file.xib; path = TableView.xib; sourceTree = "<group>"; };
		2D708EE82BB8B92A006146ED /* UITableView+Extension.swift */ = {isa = PBXFileReference; lastKnownFileType = sourcecode.swift; path = "UITableView+Extension.swift"; sourceTree = "<group>"; };
		2D708EEA2BB8BB17006146ED /* TableViewViewModel.swift */ = {isa = PBXFileReference; lastKnownFileType = sourcecode.swift; path = TableViewViewModel.swift; sourceTree = "<group>"; };
		2D708EEC2BB8C013006146ED /* HistoryTableViewCell.swift */ = {isa = PBXFileReference; lastKnownFileType = sourcecode.swift; path = HistoryTableViewCell.swift; sourceTree = "<group>"; };
		2D708EED2BB8C013006146ED /* HistoryTableViewCell.xib */ = {isa = PBXFileReference; lastKnownFileType = file.xib; path = HistoryTableViewCell.xib; sourceTree = "<group>"; };
		2D8F3A8C2BA36156009B675D /* HearingTestSummaryViewController.swift */ = {isa = PBXFileReference; lastKnownFileType = sourcecode.swift; path = HearingTestSummaryViewController.swift; sourceTree = "<group>"; };
		2D8F3A8D2BA36156009B675D /* HearingTestSummaryViewController.xib */ = {isa = PBXFileReference; lastKnownFileType = file.xib; path = HearingTestSummaryViewController.xib; sourceTree = "<group>"; };
		2D91A3922B6AEE7700CE086C /* CollectionViewModel.swift */ = {isa = PBXFileReference; lastKnownFileType = sourcecode.swift; path = CollectionViewModel.swift; sourceTree = "<group>"; };
		2D96EB642BD05EF60082E315 /* headPhone.json */ = {isa = PBXFileReference; fileEncoding = 4; lastKnownFileType = text.json; path = headPhone.json; sourceTree = "<group>"; };
		2DA1F7C32BD568D2007B3BF7 /* HearingViewModel.swift */ = {isa = PBXFileReference; lastKnownFileType = sourcecode.swift; path = HearingViewModel.swift; sourceTree = "<group>"; };
		2DA1F7C72BD572EB007B3BF7 /* SnellenTestData.swift */ = {isa = PBXFileReference; lastKnownFileType = sourcecode.swift; path = SnellenTestData.swift; sourceTree = "<group>"; };
		2DA1F7C92BD84422007B3BF7 /* SnellenTestViewController.swift */ = {isa = PBXFileReference; lastKnownFileType = sourcecode.swift; path = SnellenTestViewController.swift; sourceTree = "<group>"; };
		2DA1F7CA2BD84422007B3BF7 /* SnellenTestViewController.xib */ = {isa = PBXFileReference; lastKnownFileType = file.xib; path = SnellenTestViewController.xib; sourceTree = "<group>"; };
		2DA4A6182B7E31A400CC2380 /* success.json */ = {isa = PBXFileReference; fileEncoding = 4; lastKnownFileType = text.json; path = success.json; sourceTree = "<group>"; };
		2DA4A61C2B7E542300CC2380 /* NavigationBar.swift */ = {isa = PBXFileReference; lastKnownFileType = sourcecode.swift; path = NavigationBar.swift; sourceTree = "<group>"; };
		2DA4A61E2B7E543300CC2380 /* NavigationBar.xib */ = {isa = PBXFileReference; lastKnownFileType = file.xib; path = NavigationBar.xib; sourceTree = "<group>"; };
		2DA4A6222B81038E00CC2380 /* BlankBottomSheet.swift */ = {isa = PBXFileReference; lastKnownFileType = sourcecode.swift; path = BlankBottomSheet.swift; sourceTree = "<group>"; };
		2DA4A6252B84EB4D00CC2380 /* AphabetSnellenViewController.swift */ = {isa = PBXFileReference; lastKnownFileType = sourcecode.swift; path = AphabetSnellenViewController.swift; sourceTree = "<group>"; };
		2DA4A6262B84EB4D00CC2380 /* AphabetSnellenViewController.xib */ = {isa = PBXFileReference; lastKnownFileType = file.xib; path = AphabetSnellenViewController.xib; sourceTree = "<group>"; };
		2DA4A62B2B84EC5700CC2380 /* HearingTestViewModel.swift */ = {isa = PBXFileReference; lastKnownFileType = sourcecode.swift; path = HearingTestViewModel.swift; sourceTree = "<group>"; };
		2DB523AB2B7DFA9D00AFF154 /* HearingViewController.swift */ = {isa = PBXFileReference; lastKnownFileType = sourcecode.swift; path = HearingViewController.swift; sourceTree = "<group>"; };
		2DB523AC2B7DFA9D00AFF154 /* HearingViewController.xib */ = {isa = PBXFileReference; lastKnownFileType = file.xib; path = HearingViewController.xib; sourceTree = "<group>"; };
		2DB523AF2B7E0B8500AFF154 /* animation.json */ = {isa = PBXFileReference; fileEncoding = 4; lastKnownFileType = text.json; path = animation.json; sourceTree = "<group>"; };
		2DB974022B657F16009BE2C8 /* EyeHub.app */ = {isa = PBXFileReference; explicitFileType = wrapper.application; includeInIndex = 0; path = EyeHub.app; sourceTree = BUILT_PRODUCTS_DIR; };
		2DB974052B657F16009BE2C8 /* AppDelegate.swift */ = {isa = PBXFileReference; lastKnownFileType = sourcecode.swift; path = AppDelegate.swift; sourceTree = "<group>"; };
		2DB9740E2B657F17009BE2C8 /* Assets.xcassets */ = {isa = PBXFileReference; lastKnownFileType = folder.assetcatalog; path = Assets.xcassets; sourceTree = "<group>"; };
		2DB974112B657F17009BE2C8 /* Base */ = {isa = PBXFileReference; lastKnownFileType = file.storyboard; name = Base; path = Base.lproj/LaunchScreen.storyboard; sourceTree = "<group>"; };
		2DB974132B657F17009BE2C8 /* Info.plist */ = {isa = PBXFileReference; lastKnownFileType = text.plist.xml; path = Info.plist; sourceTree = "<group>"; };
		2DB974282B658244009BE2C8 /* EyeHubColor.swift */ = {isa = PBXFileReference; lastKnownFileType = sourcecode.swift; path = EyeHubColor.swift; sourceTree = "<group>"; };
		2DB9743E2B6594DC009BE2C8 /* EyeHubRadius.swift */ = {isa = PBXFileReference; lastKnownFileType = sourcecode.swift; path = EyeHubRadius.swift; sourceTree = "<group>"; };
		2DB974462B663077009BE2C8 /* UIView+Extension.swift */ = {isa = PBXFileReference; lastKnownFileType = sourcecode.swift; path = "UIView+Extension.swift"; sourceTree = "<group>"; };
		2DB974692B666120009BE2C8 /* Appearance.swift */ = {isa = PBXFileReference; lastKnownFileType = sourcecode.swift; path = Appearance.swift; sourceTree = "<group>"; };
		2DB9746B2B66612F009BE2C8 /* PaddingModel.swift */ = {isa = PBXFileReference; lastKnownFileType = sourcecode.swift; path = PaddingModel.swift; sourceTree = "<group>"; };
		2DB9746D2B66613C009BE2C8 /* ButtonSize.swift */ = {isa = PBXFileReference; lastKnownFileType = sourcecode.swift; path = ButtonSize.swift; sourceTree = "<group>"; };
		2DB9746F2B66614A009BE2C8 /* ButtonState.swift */ = {isa = PBXFileReference; lastKnownFileType = sourcecode.swift; path = ButtonState.swift; sourceTree = "<group>"; };
		2DB974732B666172009BE2C8 /* ButtonSubType.swift */ = {isa = PBXFileReference; lastKnownFileType = sourcecode.swift; path = ButtonSubType.swift; sourceTree = "<group>"; };
		2DB974752B666182009BE2C8 /* ButtonType.swift */ = {isa = PBXFileReference; lastKnownFileType = sourcecode.swift; path = ButtonType.swift; sourceTree = "<group>"; };
		2DB974772B666198009BE2C8 /* ButtonColorAppearanceBuilder.swift */ = {isa = PBXFileReference; lastKnownFileType = sourcecode.swift; path = ButtonColorAppearanceBuilder.swift; sourceTree = "<group>"; };
		2DB974792B6661A4009BE2C8 /* PrimaryButton.swift */ = {isa = PBXFileReference; lastKnownFileType = sourcecode.swift; path = PrimaryButton.swift; sourceTree = "<group>"; };
		2DB9747B2B66641F009BE2C8 /* Typography.swift */ = {isa = PBXFileReference; lastKnownFileType = sourcecode.swift; path = Typography.swift; sourceTree = "<group>"; };
		2DB974912B666C86009BE2C8 /* Kanit-Italic.ttf */ = {isa = PBXFileReference; lastKnownFileType = file; path = "Kanit-Italic.ttf"; sourceTree = "<group>"; };
		2DB974922B666C86009BE2C8 /* Kanit-Medium.ttf */ = {isa = PBXFileReference; lastKnownFileType = file; path = "Kanit-Medium.ttf"; sourceTree = "<group>"; };
		2DB974932B666C86009BE2C8 /* Kanit-Bold.ttf */ = {isa = PBXFileReference; lastKnownFileType = file; path = "Kanit-Bold.ttf"; sourceTree = "<group>"; };
		2DB974942B666C86009BE2C8 /* Kanit-ExtraBold.ttf */ = {isa = PBXFileReference; lastKnownFileType = file; path = "Kanit-ExtraBold.ttf"; sourceTree = "<group>"; };
		2DB974952B666C86009BE2C8 /* Kanit-ExtraLight.ttf */ = {isa = PBXFileReference; lastKnownFileType = file; path = "Kanit-ExtraLight.ttf"; sourceTree = "<group>"; };
		2DB974962B666C86009BE2C8 /* Kanit-MediumItalic.ttf */ = {isa = PBXFileReference; lastKnownFileType = file; path = "Kanit-MediumItalic.ttf"; sourceTree = "<group>"; };
		2DB974972B666C86009BE2C8 /* Kanit-LightItalic.ttf */ = {isa = PBXFileReference; lastKnownFileType = file; path = "Kanit-LightItalic.ttf"; sourceTree = "<group>"; };
		2DB974982B666C86009BE2C8 /* Kanit-ExtraLightItalic.ttf */ = {isa = PBXFileReference; lastKnownFileType = file; path = "Kanit-ExtraLightItalic.ttf"; sourceTree = "<group>"; };
		2DB974992B666C86009BE2C8 /* Kanit-BoldItalic.ttf */ = {isa = PBXFileReference; lastKnownFileType = file; path = "Kanit-BoldItalic.ttf"; sourceTree = "<group>"; };
		2DB9749A2B666C86009BE2C8 /* Kanit-Light.ttf */ = {isa = PBXFileReference; lastKnownFileType = file; path = "Kanit-Light.ttf"; sourceTree = "<group>"; };
		2DB9749B2B666C87009BE2C8 /* Kanit-BlackItalic.ttf */ = {isa = PBXFileReference; lastKnownFileType = file; path = "Kanit-BlackItalic.ttf"; sourceTree = "<group>"; };
		2DB9749C2B666C87009BE2C8 /* Kanit-Regular.ttf */ = {isa = PBXFileReference; lastKnownFileType = file; path = "Kanit-Regular.ttf"; sourceTree = "<group>"; };
		2DB9749D2B666C87009BE2C8 /* Kanit-ThinItalic.ttf */ = {isa = PBXFileReference; lastKnownFileType = file; path = "Kanit-ThinItalic.ttf"; sourceTree = "<group>"; };
		2DB9749E2B666C87009BE2C8 /* Kanit-SemiBold.ttf */ = {isa = PBXFileReference; lastKnownFileType = file; path = "Kanit-SemiBold.ttf"; sourceTree = "<group>"; };
		2DB9749F2B666C87009BE2C8 /* Kanit-ExtraBoldItalic.ttf */ = {isa = PBXFileReference; lastKnownFileType = file; path = "Kanit-ExtraBoldItalic.ttf"; sourceTree = "<group>"; };
		2DB974A02B666C87009BE2C8 /* Kanit-Black.ttf */ = {isa = PBXFileReference; lastKnownFileType = file; path = "Kanit-Black.ttf"; sourceTree = "<group>"; };
		2DB974A12B666C87009BE2C8 /* Kanit-Thin.ttf */ = {isa = PBXFileReference; lastKnownFileType = file; path = "Kanit-Thin.ttf"; sourceTree = "<group>"; };
		2DB974A22B666C87009BE2C8 /* Kanit-SemiBoldItalic.ttf */ = {isa = PBXFileReference; lastKnownFileType = file; path = "Kanit-SemiBoldItalic.ttf"; sourceTree = "<group>"; };
		2DB974B52B666DB5009BE2C8 /* UIFonts+Extension.swift */ = {isa = PBXFileReference; lastKnownFileType = sourcecode.swift; path = "UIFonts+Extension.swift"; sourceTree = "<group>"; };
		2DB974B82B667C39009BE2C8 /* HomeViewController.swift */ = {isa = PBXFileReference; lastKnownFileType = sourcecode.swift; path = HomeViewController.swift; sourceTree = "<group>"; };
		2DB974B92B667C39009BE2C8 /* HomeViewController.xib */ = {isa = PBXFileReference; lastKnownFileType = file.xib; path = HomeViewController.xib; sourceTree = "<group>"; };
		2DB974BE2B6681BC009BE2C8 /* OnBoardingViewController.swift */ = {isa = PBXFileReference; lastKnownFileType = sourcecode.swift; path = OnBoardingViewController.swift; sourceTree = "<group>"; };
		2DB974BF2B6681BC009BE2C8 /* OnBoardingViewController.xib */ = {isa = PBXFileReference; lastKnownFileType = file.xib; path = OnBoardingViewController.xib; sourceTree = "<group>"; };
		2DB974C52B67CB9F009BE2C8 /* VoiceConceptViewController.swift */ = {isa = PBXFileReference; lastKnownFileType = sourcecode.swift; path = VoiceConceptViewController.swift; sourceTree = "<group>"; };
		2DB974C62B67CB9F009BE2C8 /* VoiceConceptViewController.xib */ = {isa = PBXFileReference; lastKnownFileType = file.xib; path = VoiceConceptViewController.xib; sourceTree = "<group>"; };
		2DDF31E82BE57C5400E15D4B /* firstEyeTest.mp3 */ = {isa = PBXFileReference; lastKnownFileType = audio.mp3; path = firstEyeTest.mp3; sourceTree = "<group>"; };
		2DDF31E92BE57C5400E15D4B /* seccondEyeTest.mp3 */ = {isa = PBXFileReference; lastKnownFileType = audio.mp3; path = seccondEyeTest.mp3; sourceTree = "<group>"; };
		2DDF31EC2BE642C000E15D4B /* Inter-VariableFont.ttf */ = {isa = PBXFileReference; lastKnownFileType = file; path = "Inter-VariableFont.ttf"; sourceTree = "<group>"; };
		2DDF31F02BE65A5500E15D4B /* TumblingETestData.swift */ = {isa = PBXFileReference; lastKnownFileType = sourcecode.swift; path = TumblingETestData.swift; sourceTree = "<group>"; };
		2DDF31F22BE65B5D00E15D4B /* TumblingETestViewController.swift */ = {isa = PBXFileReference; lastKnownFileType = sourcecode.swift; path = TumblingETestViewController.swift; sourceTree = "<group>"; };
		2DDF31F32BE65B5D00E15D4B /* TumblingETestViewController.xib */ = {isa = PBXFileReference; lastKnownFileType = file.xib; path = TumblingETestViewController.xib; sourceTree = "<group>"; };
		2DEB155E2BC062EA003FB88C /* HearingTestViewController.swift */ = {isa = PBXFileReference; lastKnownFileType = sourcecode.swift; path = HearingTestViewController.swift; sourceTree = "<group>"; };
		2DEB155F2BC062EA003FB88C /* HearingTestViewController.xib */ = {isa = PBXFileReference; lastKnownFileType = file.xib; path = HearingTestViewController.xib; sourceTree = "<group>"; };
		2DEB15632BC07B4D003FB88C /* ToneGenerator.swift */ = {isa = PBXFileReference; lastKnownFileType = sourcecode.swift; path = ToneGenerator.swift; sourceTree = "<group>"; };
		2DEB15652BC1D026003FB88C /* AudioController.swift */ = {isa = PBXFileReference; lastKnownFileType = sourcecode.swift; path = AudioController.swift; sourceTree = "<group>"; };
		2DEB15942BC2EBA5003FB88C /* OnBoarding.swift */ = {isa = PBXFileReference; lastKnownFileType = sourcecode.swift; path = OnBoarding.swift; sourceTree = "<group>"; };
		2DEB15962BC2EBB2003FB88C /* OnBoarding.xib */ = {isa = PBXFileReference; lastKnownFileType = file.xib; path = OnBoarding.xib; sourceTree = "<group>"; };
		2DEB15982BC32EDD003FB88C /* EyeHub.entitlements */ = {isa = PBXFileReference; lastKnownFileType = text.plist.entitlements; path = EyeHub.entitlements; sourceTree = "<group>"; };
		2DEB15992BC44210003FB88C /* 500.mp3 */ = {isa = PBXFileReference; lastKnownFileType = audio.mp3; path = 500.mp3; sourceTree = "<group>"; };
		2DEB159C2BC4583E003FB88C /* TestFrequencies.swift */ = {isa = PBXFileReference; lastKnownFileType = sourcecode.swift; path = TestFrequencies.swift; sourceTree = "<group>"; };
		2DEB15A02BCC168F003FB88C /* GoogleService-Info.plist */ = {isa = PBXFileReference; fileEncoding = 4; lastKnownFileType = text.plist.xml; path = "GoogleService-Info.plist"; sourceTree = "<group>"; };
		2DEB15A22BCECB34003FB88C /* TestResults.swift */ = {isa = PBXFileReference; lastKnownFileType = sourcecode.swift; path = TestResults.swift; sourceTree = "<group>"; };
		2DF334622B6AC0A50063944B /* HomeMenuButton.swift */ = {isa = PBXFileReference; lastKnownFileType = sourcecode.swift; path = HomeMenuButton.swift; sourceTree = "<group>"; };
		2DF334642B6AC0AE0063944B /* HomeMenuButton.xib */ = {isa = PBXFileReference; lastKnownFileType = file.xib; path = HomeMenuButton.xib; sourceTree = "<group>"; };
		2DF334682B6AC4090063944B /* HomeMenuButtonState.swift */ = {isa = PBXFileReference; lastKnownFileType = sourcecode.swift; path = HomeMenuButtonState.swift; sourceTree = "<group>"; };
		2DF3346A2B6AC46C0063944B /* HomeMenuButtonActionState.swift */ = {isa = PBXFileReference; lastKnownFileType = sourcecode.swift; path = HomeMenuButtonActionState.swift; sourceTree = "<group>"; };
		2DF3346C2B6AC4B00063944B /* HomeMenuButtonViewModel.swift */ = {isa = PBXFileReference; lastKnownFileType = sourcecode.swift; path = HomeMenuButtonViewModel.swift; sourceTree = "<group>"; };
		2DF3346F2B6AD16A0063944B /* CollectionView.swift */ = {isa = PBXFileReference; lastKnownFileType = sourcecode.swift; path = CollectionView.swift; sourceTree = "<group>"; };
		2DF334712B6AD17B0063944B /* CollectionView.xib */ = {isa = PBXFileReference; lastKnownFileType = file.xib; path = CollectionView.xib; sourceTree = "<group>"; };
		2DF334732B6AD3360063944B /* CollectionViewType.swift */ = {isa = PBXFileReference; lastKnownFileType = sourcecode.swift; path = CollectionViewType.swift; sourceTree = "<group>"; };
		2DF334752B6AD4750063944B /* UICollectionView+Extensions.swift */ = {isa = PBXFileReference; lastKnownFileType = sourcecode.swift; path = "UICollectionView+Extensions.swift"; sourceTree = "<group>"; };
		2DF334792B6AD7910063944B /* HomeScreenCollectionViewCell.swift */ = {isa = PBXFileReference; lastKnownFileType = sourcecode.swift; path = HomeScreenCollectionViewCell.swift; sourceTree = "<group>"; };
		2DF3347A2B6AD7910063944B /* HomeScreenCollectionViewCell.xib */ = {isa = PBXFileReference; lastKnownFileType = file.xib; path = HomeScreenCollectionViewCell.xib; sourceTree = "<group>"; };
		2DFEA6B52BAA0A67003D9337 /* OnboardingModel.swift */ = {isa = PBXFileReference; lastKnownFileType = sourcecode.swift; path = OnboardingModel.swift; sourceTree = "<group>"; };
		5D0A4707885B1B8A1836066E /* Pods-EyeHub.debug.xcconfig */ = {isa = PBXFileReference; includeInIndex = 1; lastKnownFileType = text.xcconfig; name = "Pods-EyeHub.debug.xcconfig"; path = "Target Support Files/Pods-EyeHub/Pods-EyeHub.debug.xcconfig"; sourceTree = "<group>"; };
		D76E8DB1A5C2B437BF40323E /* Pods_EyeHub.framework */ = {isa = PBXFileReference; explicitFileType = wrapper.framework; includeInIndex = 0; path = Pods_EyeHub.framework; sourceTree = BUILT_PRODUCTS_DIR; };
		E916BFFA8F561DF8DDC4B198 /* Pods-EyeHub.release.xcconfig */ = {isa = PBXFileReference; includeInIndex = 1; lastKnownFileType = text.xcconfig; name = "Pods-EyeHub.release.xcconfig"; path = "Target Support Files/Pods-EyeHub/Pods-EyeHub.release.xcconfig"; sourceTree = "<group>"; };
/* End PBXFileReference section */

/* Begin PBXFrameworksBuildPhase section */
		2DB973FF2B657F16009BE2C8 /* Frameworks */ = {
			isa = PBXFrameworksBuildPhase;
			buildActionMask = 2147483647;
			files = (
				DE0F44EA3DAA79C7B7D5C951 /* Pods_EyeHub.framework in Frameworks */,
			);
			runOnlyForDeploymentPostprocessing = 0;
		};
/* End PBXFrameworksBuildPhase section */

/* Begin PBXGroup section */
		2D39C8172BD86928001FDE50 /* TableViewAnswer */ = {
			isa = PBXGroup;
			children = (
				2D561DF62BE3EB70004CA1C3 /* Cell */,
				2D39C8212BD86AAC001FDE50 /* AnswerBottomSheetViewController.swift */,
				2D39C8222BD86AAC001FDE50 /* AnswerBottomSheetViewController.xib */,
			);
			path = TableViewAnswer;
			sourceTree = "<group>";
		};
		2D4D64F82BBB400B00163504 /* OnboardingView */ = {
			isa = PBXGroup;
			children = (
				2D4D64F92BBB402500163504 /* Model */,
				2DEB15942BC2EBA5003FB88C /* OnBoarding.swift */,
				2DEB15962BC2EBB2003FB88C /* OnBoarding.xib */,
			);
			path = OnboardingView;
			sourceTree = "<group>";
		};
		2D4D64F92BBB402500163504 /* Model */ = {
			isa = PBXGroup;
			children = (
				2D4D64FA2BBB403600163504 /* OnbaordingViewModel.swift */,
			);
			path = Model;
			sourceTree = "<group>";
		};
		2D561DED2BE2A317004CA1C3 /* Models */ = {
			isa = PBXGroup;
			children = (
				2D561DF22BE2A419004CA1C3 /* SnellenTestResultList.swift */,
				2D561DF42BE2A5E8004CA1C3 /* EyeTestsType.swift */,
				2D6034492BE6C3190049214D /* HospitalNearMeModel.swift */,
			);
			path = Models;
			sourceTree = "<group>";
		};
		2D561DF62BE3EB70004CA1C3 /* Cell */ = {
			isa = PBXGroup;
			children = (
				2D561DE92BDDB8B7004CA1C3 /* BottomSheetTableViewCell.swift */,
				2D561DEA2BDDB8B7004CA1C3 /* BottomSheetTableViewCell.xib */,
			);
			path = Cell;
			sourceTree = "<group>";
		};
		2D561DF72BE3F04E004CA1C3 /* CollectionViewAnswer */ = {
			isa = PBXGroup;
			children = (
				2D60345B2BEA70AF0049214D /* Model */,
				2D561DFC2BE3F132004CA1C3 /* Cell */,
				2D561DF82BE3F093004CA1C3 /* CollectionViewAnswerBottomSheetViewController.swift */,
				2D561DF92BE3F093004CA1C3 /* CollectionViewAnswerBottomSheetViewController.xib */,
			);
			path = CollectionViewAnswer;
			sourceTree = "<group>";
		};
		2D561DFC2BE3F132004CA1C3 /* Cell */ = {
			isa = PBXGroup;
			children = (
				2D561E0E2BE42352004CA1C3 /* BottomSheetAnswerCollectionViewCell.swift */,
				2D561E0F2BE42352004CA1C3 /* BottomSheetAnswerCollectionViewCell.xib */,
			);
			path = Cell;
			sourceTree = "<group>";
		};
		2D561E022BE3F607004CA1C3 /* LandoltCTest */ = {
			isa = PBXGroup;
			children = (
				2D561E032BE3F623004CA1C3 /* Model */,
				2D561E0A2BE4174E004CA1C3 /* LandoltCTestViewController.swift */,
				2D561E0B2BE4174E004CA1C3 /* LandoltCTestViewController.xib */,
			);
			path = LandoltCTest;
			sourceTree = "<group>";
		};
		2D561E032BE3F623004CA1C3 /* Model */ = {
			isa = PBXGroup;
			children = (
				2D561E042BE3F647004CA1C3 /* LandoltCTestData.swift */,
			);
			path = Model;
			sourceTree = "<group>";
		};
		2D60344B2BE7FC1D0049214D /* BlindColorTestViewController */ = {
			isa = PBXGroup;
			children = (
				2D6034522BE9985F0049214D /* Data */,
				2D6034532BE998980049214D /* BlindColorViewController.swift */,
				2D6034542BE998980049214D /* BlindColorViewController.xib */,
			);
			path = BlindColorTestViewController;
			sourceTree = "<group>";
		};
		2D6034522BE9985F0049214D /* Data */ = {
			isa = PBXGroup;
			children = (
				2D60344C2BE7FC3B0049214D /* BlindColorTestData.swift */,
			);
			path = Data;
			sourceTree = "<group>";
		};
		2D6034572BEA6FD40049214D /* BlindColorTestSummaryViewController */ = {
			isa = PBXGroup;
			children = (
				2D60345C2BEAA3C90049214D /* Model */,
				2D60345F2BEAB93E0049214D /* BlindColorTestSummaryViewController.swift */,
				2D6034602BEAB93E0049214D /* BlindColorTestSummaryViewController.xib */,
			);
			path = BlindColorTestSummaryViewController;
			sourceTree = "<group>";
		};
		2D6034582BEA70120049214D /* SnellenTestViewController */ = {
			isa = PBXGroup;
			children = (
				2DA1F7C52BD572B5007B3BF7 /* SnellenTest */,
			);
			path = SnellenTestViewController;
			sourceTree = "<group>";
		};
		2D6034592BEA70510049214D /* LandoltCTestViewController */ = {
			isa = PBXGroup;
			children = (
				2D561E022BE3F607004CA1C3 /* LandoltCTest */,
			);
			path = LandoltCTestViewController;
			sourceTree = "<group>";
		};
		2D60345A2BEA70630049214D /* TumblingETestViewController */ = {
			isa = PBXGroup;
			children = (
				2DDF31EE2BE65A0000E15D4B /* Tumbling E */,
			);
			path = TumblingETestViewController;
			sourceTree = "<group>";
		};
		2D60345B2BEA70AF0049214D /* Model */ = {
			isa = PBXGroup;
			children = (
				2D561E062BE3FA73004CA1C3 /* CollectionViewTestType.swift */,
				2D561E082BE41602004CA1C3 /* CardModel.swift */,
			);
			path = Model;
			sourceTree = "<group>";
		};
		2D60345C2BEAA3C90049214D /* Model */ = {
			isa = PBXGroup;
			children = (
				2D60345D2BEAA3EA0049214D /* BlindColorResult.swift */,
			);
			path = Model;
			sourceTree = "<group>";
		};
		2D60346B2BEBFB350049214D /* HistoryBottomSheet */ = {
			isa = PBXGroup;
			children = (
				2D60346C2BEBFB560049214D /* HistoryBottomSheetViewController.swift */,
				2D60346D2BEBFB560049214D /* HistoryBottomSheetViewController.xib */,
			);
			path = HistoryBottomSheet;
			sourceTree = "<group>";
		};
		2D6A870D2BCED91D006E2D41 /* MessageBox */ = {
			isa = PBXGroup;
			children = (
				2D6A870E2BCED936006E2D41 /* MessageBox.swift */,
				2D6A87102BCED943006E2D41 /* MessageBox.xib */,
			);
			path = MessageBox;
			sourceTree = "<group>";
		};
		2D6A87122BCF0BFD006E2D41 /* Models */ = {
			isa = PBXGroup;
			children = (
				2D6A87132BCF0C0E006E2D41 /* EarTestResultList.swift */,
			);
			path = Models;
			sourceTree = "<group>";
		};
		2D6A87152BCF203E006E2D41 /* EyeTestsOnBoardingViewController */ = {
			isa = PBXGroup;
			children = (
				2D6034702BEC12F60049214D /* EyeTestOnboardingViewController.swift */,
				2D6034712BEC12F60049214D /* EyeTestOnboardingViewController.xib */,
			);
			path = EyeTestsOnBoardingViewController;
			sourceTree = "<group>";
		};
		2D6A87162BCF20D3006E2D41 /* EyeTestsSummaryViewController */ = {
			isa = PBXGroup;
			children = (
				2D561DED2BE2A317004CA1C3 /* Models */,
				2D561DEE2BE2A35B004CA1C3 /* EyeTestsSummaryViewController.swift */,
				2D561DEF2BE2A35B004CA1C3 /* EyeTestsSummaryViewController.xib */,
			);
			path = EyeTestsSummaryViewController;
			sourceTree = "<group>";
		};
		2D708EDA2BB8B26A006146ED /* TableView */ = {
			isa = PBXGroup;
			children = (
				2D708EE12BB8B308006146ED /* TableViewCell */,
				2D708EDB2BB8B28A006146ED /* TableViewType.swift */,
				2D708EE42BB8B6FB006146ED /* TableView.swift */,
				2D708EE62BB8B707006146ED /* TableView.xib */,
			);
			path = TableView;
			sourceTree = "<group>";
		};
		2D708EE12BB8B308006146ED /* TableViewCell */ = {
			isa = PBXGroup;
			children = (
				2D708EEC2BB8C013006146ED /* HistoryTableViewCell.swift */,
				2D708EED2BB8C013006146ED /* HistoryTableViewCell.xib */,
			);
			path = TableViewCell;
			sourceTree = "<group>";
		};
		2D708EF02BB96607006146ED /* TestHistoryViewController */ = {
			isa = PBXGroup;
			children = (
				2D60346B2BEBFB350049214D /* HistoryBottomSheet */,
				2D4D64FC2BBB416800163504 /* BlindColorHistoryViewController.swift */,
				2D4D64FD2BBB416800163504 /* BlindColorHistoryViewController.xib */,
				2D6034632BEBFAA70049214D /* EyeTestsHistoryViewController.swift */,
				2D6034642BEBFAA70049214D /* EyeTestsHistoryViewController.xib */,
				2D6034672BEBFAD30049214D /* AudiogramTestHistoryViewController.swift */,
				2D6034682BEBFAD30049214D /* AudiogramTestHistoryViewController.xib */,
			);
			path = TestHistoryViewController;
			sourceTree = "<group>";
		};
		2D8F3A8B2BA3611D009B675D /* HearingTestsSummaryViewController */ = {
			isa = PBXGroup;
			children = (
				2D6A87122BCF0BFD006E2D41 /* Models */,
				2D8F3A8C2BA36156009B675D /* HearingTestSummaryViewController.swift */,
				2D8F3A8D2BA36156009B675D /* HearingTestSummaryViewController.xib */,
			);
			path = HearingTestsSummaryViewController;
			sourceTree = "<group>";
		};
		2D91A3912B6AEE5700CE086C /* Model */ = {
			isa = PBXGroup;
			children = (
				2D91A3922B6AEE7700CE086C /* CollectionViewModel.swift */,
				2D708EEA2BB8BB17006146ED /* TableViewViewModel.swift */,
			);
			path = Model;
			sourceTree = "<group>";
		};
		2DA1F7C52BD572B5007B3BF7 /* SnellenTest */ = {
			isa = PBXGroup;
			children = (
				2DA1F7C62BD572DC007B3BF7 /* Model */,
				2DA1F7C92BD84422007B3BF7 /* SnellenTestViewController.swift */,
				2DA1F7CA2BD84422007B3BF7 /* SnellenTestViewController.xib */,
			);
			path = SnellenTest;
			sourceTree = "<group>";
		};
		2DA1F7C62BD572DC007B3BF7 /* Model */ = {
			isa = PBXGroup;
			children = (
				2DA1F7C72BD572EB007B3BF7 /* SnellenTestData.swift */,
			);
			path = Model;
			sourceTree = "<group>";
		};
		2DA4A61A2B7E53FC00CC2380 /* NavigationBar */ = {
			isa = PBXGroup;
			children = (
				2DA4A61C2B7E542300CC2380 /* NavigationBar.swift */,
				2DA4A61E2B7E543300CC2380 /* NavigationBar.xib */,
			);
			path = NavigationBar;
			sourceTree = "<group>";
		};
		2DA4A6202B81034300CC2380 /* BottomSheet */ = {
			isa = PBXGroup;
			children = (
				2DA4A6212B81037100CC2380 /* BlankBottomSheet */,
			);
			path = BottomSheet;
			sourceTree = "<group>";
		};
		2DA4A6212B81037100CC2380 /* BlankBottomSheet */ = {
			isa = PBXGroup;
			children = (
				2DA4A6222B81038E00CC2380 /* BlankBottomSheet.swift */,
			);
			path = BlankBottomSheet;
			sourceTree = "<group>";
		};
		2DA4A6242B84EB0000CC2380 /* EyeTestsAnswerViewController */ = {
			isa = PBXGroup;
			children = (
				2D561DF72BE3F04E004CA1C3 /* CollectionViewAnswer */,
				2D39C8172BD86928001FDE50 /* TableViewAnswer */,
				2DA4A6292B84EB5900CC2380 /* AphabetSnellenTest */,
			);
			path = EyeTestsAnswerViewController;
			sourceTree = "<group>";
		};
		2DA4A6292B84EB5900CC2380 /* AphabetSnellenTest */ = {
			isa = PBXGroup;
			children = (
				2DA4A6252B84EB4D00CC2380 /* AphabetSnellenViewController.swift */,
				2DA4A6262B84EB4D00CC2380 /* AphabetSnellenViewController.xib */,
			);
			path = AphabetSnellenTest;
			sourceTree = "<group>";
		};
		2DA4A62A2B84EC2000CC2380 /* ViewModels */ = {
			isa = PBXGroup;
			children = (
				2DA4A62B2B84EC5700CC2380 /* HearingTestViewModel.swift */,
			);
			path = ViewModels;
			sourceTree = "<group>";
		};
		2DB523AA2B7DFA7200AFF154 /* HearingTestsOnBoardingViewController */ = {
			isa = PBXGroup;
			children = (
				2DFEA6B42BAA0A4A003D9337 /* Models */,
				2DA4A62A2B84EC2000CC2380 /* ViewModels */,
				2DB523AB2B7DFA9D00AFF154 /* HearingViewController.swift */,
				2DB523AC2B7DFA9D00AFF154 /* HearingViewController.xib */,
			);
			path = HearingTestsOnBoardingViewController;
			sourceTree = "<group>";
		};
		2DB973F92B657F16009BE2C8 = {
			isa = PBXGroup;
			children = (
				2DB974042B657F16009BE2C8 /* EyeHub */,
				2DB974032B657F16009BE2C8 /* Products */,
				CA7D8D5D75254273230AFD2F /* Pods */,
				9ED4E67478E51476DB408BBA /* Frameworks */,
			);
			sourceTree = "<group>";
		};
		2DB974032B657F16009BE2C8 /* Products */ = {
			isa = PBXGroup;
			children = (
				2DB974022B657F16009BE2C8 /* EyeHub.app */,
			);
			name = Products;
			sourceTree = "<group>";
		};
		2DB974042B657F16009BE2C8 /* EyeHub */ = {
			isa = PBXGroup;
			children = (
				2DEB15982BC32EDD003FB88C /* EyeHub.entitlements */,
				2DB974262B6581BB009BE2C8 /* Assets */,
				2DB974212B6580CD009BE2C8 /* Extensions */,
				2DB974202B6580BD009BE2C8 /* Constants */,
				2DB9741C2B658057009BE2C8 /* Commons */,
				2DB9741B2B65804D009BE2C8 /* Scenes */,
				2DB9741A2B657FBD009BE2C8 /* Base */,
				2DB974192B657FAF009BE2C8 /* DesignSystem */,
				2DB974052B657F16009BE2C8 /* AppDelegate.swift */,
				2DEB15A02BCC168F003FB88C /* GoogleService-Info.plist */,
				2DB9740E2B657F17009BE2C8 /* Assets.xcassets */,
				2DB974102B657F17009BE2C8 /* LaunchScreen.storyboard */,
				2DB974132B657F17009BE2C8 /* Info.plist */,
			);
			path = EyeHub;
			sourceTree = "<group>";
		};
		2DB974192B657FAF009BE2C8 /* DesignSystem */ = {
			isa = PBXGroup;
			children = (
				2DB9741E2B658084009BE2C8 /* Token */,
				2DB9741D2B65807E009BE2C8 /* Components */,
			);
			path = DesignSystem;
			sourceTree = "<group>";
		};
		2DB9741A2B657FBD009BE2C8 /* Base */ = {
			isa = PBXGroup;
			children = (
			);
			path = Base;
			sourceTree = "<group>";
		};
		2DB9741B2B65804D009BE2C8 /* Scenes */ = {
			isa = PBXGroup;
			children = (
				2D60345A2BEA70630049214D /* TumblingETestViewController */,
				2D6034592BEA70510049214D /* LandoltCTestViewController */,
				2D6034582BEA70120049214D /* SnellenTestViewController */,
				2D6034572BEA6FD40049214D /* BlindColorTestSummaryViewController */,
				2D60344B2BE7FC1D0049214D /* BlindColorTestViewController */,
				2DB523AA2B7DFA7200AFF154 /* HearingTestsOnBoardingViewController */,
				2DEB155D2BC062C4003FB88C /* HearingTestViewController */,
				2D8F3A8B2BA3611D009B675D /* HearingTestsSummaryViewController */,
				2D708EF02BB96607006146ED /* TestHistoryViewController */,
				2D6A87152BCF203E006E2D41 /* EyeTestsOnBoardingViewController */,
				2DA4A6242B84EB0000CC2380 /* EyeTestsAnswerViewController */,
				2D6A87162BCF20D3006E2D41 /* EyeTestsSummaryViewController */,
				2DB974C42B67CB7A009BE2C8 /* VoiceConceptViewController */,
				2DB974BD2B6681A2009BE2C8 /* OnBoarding */,
				2DB974B72B667C1A009BE2C8 /* Home */,
			);
			path = Scenes;
			sourceTree = "<group>";
		};
		2DB9741C2B658057009BE2C8 /* Commons */ = {
			isa = PBXGroup;
			children = (
				2DEB15622BC07B27003FB88C /* ToneGenerator */,
			);
			path = Commons;
			sourceTree = "<group>";
		};
		2DB9741D2B65807E009BE2C8 /* Components */ = {
			isa = PBXGroup;
			children = (
				2D6A870D2BCED91D006E2D41 /* MessageBox */,
				2D4D64F82BBB400B00163504 /* OnboardingView */,
				2D708EDA2BB8B26A006146ED /* TableView */,
				2DA4A6202B81034300CC2380 /* BottomSheet */,
				2DA4A61A2B7E53FC00CC2380 /* NavigationBar */,
				2DF3346E2B6AD0940063944B /* CollectionViewHorizontal */,
				2DF334612B6AC0880063944B /* HomeMenuButton */,
				2DB9742C2B658D47009BE2C8 /* Button */,
			);
			path = Components;
			sourceTree = "<group>";
		};
		2DB9741E2B658084009BE2C8 /* Token */ = {
			isa = PBXGroup;
			children = (
				2DB9743B2B6592CD009BE2C8 /* Radius */,
				2DB974272B65820E009BE2C8 /* Color */,
				2DB9747D2B666425009BE2C8 /* Typography */,
			);
			path = Token;
			sourceTree = "<group>";
		};
		2DB974202B6580BD009BE2C8 /* Constants */ = {
			isa = PBXGroup;
			children = (
			);
			path = Constants;
			sourceTree = "<group>";
		};
		2DB974212B6580CD009BE2C8 /* Extensions */ = {
			isa = PBXGroup;
			children = (
				2DB974462B663077009BE2C8 /* UIView+Extension.swift */,
				2DB974B52B666DB5009BE2C8 /* UIFonts+Extension.swift */,
				2DF334752B6AD4750063944B /* UICollectionView+Extensions.swift */,
				2D708EE82BB8B92A006146ED /* UITableView+Extension.swift */,
			);
			path = Extensions;
			sourceTree = "<group>";
		};
		2DB974262B6581BB009BE2C8 /* Assets */ = {
			isa = PBXGroup;
			children = (
				2D4AC0052B67E48500D5F977 /* Sound1.mp3 */,
				2DEB15992BC44210003FB88C /* 500.mp3 */,
				2D6A87072BCECEA8006E2D41 /* 1000.mp3 */,
				2DDF31E82BE57C5400E15D4B /* firstEyeTest.mp3 */,
				2DDF31E92BE57C5400E15D4B /* seccondEyeTest.mp3 */,
				2D6A87082BCECEA8006E2D41 /* 2000.mp3 */,
				2D6A87052BCECEA8006E2D41 /* 4000.mp3 */,
				2D6A87062BCECEA8006E2D41 /* 8000.mp3 */,
				2D96EB642BD05EF60082E315 /* headPhone.json */,
				2D6034432BE6B2BC0049214D /* VolumeUpButton.json */,
				2DA4A6182B7E31A400CC2380 /* success.json */,
				2DB523AF2B7E0B8500AFF154 /* animation.json */,
				2D4AC0072B68182900D5F977 /* Sound2.mp3 */,
				2DB9747E2B6669AB009BE2C8 /* Font */,
			);
			path = Assets;
			sourceTree = "<group>";
		};
		2DB974272B65820E009BE2C8 /* Color */ = {
			isa = PBXGroup;
			children = (
				2DB974282B658244009BE2C8 /* EyeHubColor.swift */,
			);
			path = Color;
			sourceTree = "<group>";
		};
		2DB9742C2B658D47009BE2C8 /* Button */ = {
			isa = PBXGroup;
			children = (
				2DB974682B66610C009BE2C8 /* Models */,
				2DB974772B666198009BE2C8 /* ButtonColorAppearanceBuilder.swift */,
				2DB974792B6661A4009BE2C8 /* PrimaryButton.swift */,
			);
			path = Button;
			sourceTree = "<group>";
		};
		2DB9743B2B6592CD009BE2C8 /* Radius */ = {
			isa = PBXGroup;
			children = (
				2DB9743E2B6594DC009BE2C8 /* EyeHubRadius.swift */,
			);
			path = Radius;
			sourceTree = "<group>";
		};
		2DB974682B66610C009BE2C8 /* Models */ = {
			isa = PBXGroup;
			children = (
				2DB974692B666120009BE2C8 /* Appearance.swift */,
				2DB9746B2B66612F009BE2C8 /* PaddingModel.swift */,
				2DB9746D2B66613C009BE2C8 /* ButtonSize.swift */,
				2DB9746F2B66614A009BE2C8 /* ButtonState.swift */,
				2DB974732B666172009BE2C8 /* ButtonSubType.swift */,
				2DB974752B666182009BE2C8 /* ButtonType.swift */,
			);
			path = Models;
			sourceTree = "<group>";
		};
		2DB9747D2B666425009BE2C8 /* Typography */ = {
			isa = PBXGroup;
			children = (
				2DB9747B2B66641F009BE2C8 /* Typography.swift */,
			);
			path = Typography;
			sourceTree = "<group>";
		};
		2DB9747E2B6669AB009BE2C8 /* Font */ = {
			isa = PBXGroup;
			children = (
				2DB974A02B666C87009BE2C8 /* Kanit-Black.ttf */,
				2DB9749B2B666C87009BE2C8 /* Kanit-BlackItalic.ttf */,
				2DB974932B666C86009BE2C8 /* Kanit-Bold.ttf */,
				2DB974992B666C86009BE2C8 /* Kanit-BoldItalic.ttf */,
				2DDF31EC2BE642C000E15D4B /* Inter-VariableFont.ttf */,
				2DB974942B666C86009BE2C8 /* Kanit-ExtraBold.ttf */,
				2DB9749F2B666C87009BE2C8 /* Kanit-ExtraBoldItalic.ttf */,
				2DB974952B666C86009BE2C8 /* Kanit-ExtraLight.ttf */,
				2DB974982B666C86009BE2C8 /* Kanit-ExtraLightItalic.ttf */,
				2DB974912B666C86009BE2C8 /* Kanit-Italic.ttf */,
				2DB9749A2B666C86009BE2C8 /* Kanit-Light.ttf */,
				2DB974972B666C86009BE2C8 /* Kanit-LightItalic.ttf */,
				2DB974922B666C86009BE2C8 /* Kanit-Medium.ttf */,
				2DB974962B666C86009BE2C8 /* Kanit-MediumItalic.ttf */,
				2DB9749C2B666C87009BE2C8 /* Kanit-Regular.ttf */,
				2DB9749E2B666C87009BE2C8 /* Kanit-SemiBold.ttf */,
				2DB974A22B666C87009BE2C8 /* Kanit-SemiBoldItalic.ttf */,
				2DB974A12B666C87009BE2C8 /* Kanit-Thin.ttf */,
				2DB9749D2B666C87009BE2C8 /* Kanit-ThinItalic.ttf */,
			);
			path = Font;
			sourceTree = "<group>";
		};
		2DB974B72B667C1A009BE2C8 /* Home */ = {
			isa = PBXGroup;
			children = (
				2D91A3912B6AEE5700CE086C /* Model */,
				2DB974B82B667C39009BE2C8 /* HomeViewController.swift */,
				2DB974B92B667C39009BE2C8 /* HomeViewController.xib */,
			);
			path = Home;
			sourceTree = "<group>";
		};
		2DB974BD2B6681A2009BE2C8 /* OnBoarding */ = {
			isa = PBXGroup;
			children = (
				2DB974BE2B6681BC009BE2C8 /* OnBoardingViewController.swift */,
				2DB974BF2B6681BC009BE2C8 /* OnBoardingViewController.xib */,
			);
			path = OnBoarding;
			sourceTree = "<group>";
		};
		2DB974C42B67CB7A009BE2C8 /* VoiceConceptViewController */ = {
			isa = PBXGroup;
			children = (
				2DB974C52B67CB9F009BE2C8 /* VoiceConceptViewController.swift */,
				2DB974C62B67CB9F009BE2C8 /* VoiceConceptViewController.xib */,
			);
			path = VoiceConceptViewController;
			sourceTree = "<group>";
		};
		2DDF31EE2BE65A0000E15D4B /* Tumbling E */ = {
			isa = PBXGroup;
			children = (
				2DDF31EF2BE65A3100E15D4B /* Model */,
				2DDF31F22BE65B5D00E15D4B /* TumblingETestViewController.swift */,
				2DDF31F32BE65B5D00E15D4B /* TumblingETestViewController.xib */,
			);
			path = "Tumbling E";
			sourceTree = "<group>";
		};
		2DDF31EF2BE65A3100E15D4B /* Model */ = {
			isa = PBXGroup;
			children = (
				2DDF31F02BE65A5500E15D4B /* TumblingETestData.swift */,
			);
			path = Model;
			sourceTree = "<group>";
		};
		2DEB155D2BC062C4003FB88C /* HearingTestViewController */ = {
			isa = PBXGroup;
			children = (
				2DEB159B2BC45828003FB88C /* Models */,
				2DEB155E2BC062EA003FB88C /* HearingTestViewController.swift */,
				2DEB155F2BC062EA003FB88C /* HearingTestViewController.xib */,
				2DA1F7C32BD568D2007B3BF7 /* HearingViewModel.swift */,
			);
			path = HearingTestViewController;
			sourceTree = "<group>";
		};
		2DEB15622BC07B27003FB88C /* ToneGenerator */ = {
			isa = PBXGroup;
			children = (
				2DEB15632BC07B4D003FB88C /* ToneGenerator.swift */,
				2DEB15652BC1D026003FB88C /* AudioController.swift */,
			);
			path = ToneGenerator;
			sourceTree = "<group>";
		};
		2DEB159B2BC45828003FB88C /* Models */ = {
			isa = PBXGroup;
			children = (
				2DEB159C2BC4583E003FB88C /* TestFrequencies.swift */,
				2DEB15A22BCECB34003FB88C /* TestResults.swift */,
			);
			path = Models;
			sourceTree = "<group>";
		};
		2DF334612B6AC0880063944B /* HomeMenuButton */ = {
			isa = PBXGroup;
			children = (
				2DF334672B6AC3DF0063944B /* Model */,
				2DF334662B6AC3CB0063944B /* ViewModel */,
				2DF334622B6AC0A50063944B /* HomeMenuButton.swift */,
				2DF334642B6AC0AE0063944B /* HomeMenuButton.xib */,
			);
			path = HomeMenuButton;
			sourceTree = "<group>";
		};
		2DF334662B6AC3CB0063944B /* ViewModel */ = {
			isa = PBXGroup;
			children = (
				2DF3346C2B6AC4B00063944B /* HomeMenuButtonViewModel.swift */,
			);
			path = ViewModel;
			sourceTree = "<group>";
		};
		2DF334672B6AC3DF0063944B /* Model */ = {
			isa = PBXGroup;
			children = (
				2DF334682B6AC4090063944B /* HomeMenuButtonState.swift */,
				2DF3346A2B6AC46C0063944B /* HomeMenuButtonActionState.swift */,
			);
			path = Model;
			sourceTree = "<group>";
		};
		2DF3346E2B6AD0940063944B /* CollectionViewHorizontal */ = {
			isa = PBXGroup;
			children = (
				2DF334772B6AD5F40063944B /* CollectionViewCell */,
				2DF3346F2B6AD16A0063944B /* CollectionView.swift */,
				2DF334712B6AD17B0063944B /* CollectionView.xib */,
				2DF334732B6AD3360063944B /* CollectionViewType.swift */,
			);
			path = CollectionViewHorizontal;
			sourceTree = "<group>";
		};
		2DF334772B6AD5F40063944B /* CollectionViewCell */ = {
			isa = PBXGroup;
			children = (
				2DF334792B6AD7910063944B /* HomeScreenCollectionViewCell.swift */,
				2DF3347A2B6AD7910063944B /* HomeScreenCollectionViewCell.xib */,
				2D561DE52BDD69B6004CA1C3 /* SnelllenTestCollectionViewCell.swift */,
				2D561DE62BDD69B6004CA1C3 /* SnelllenTestCollectionViewCell.xib */,
				2D6034452BE6BDDC0049214D /* SuggestHospitalCollectionViewCell.swift */,
				2D6034462BE6BDDC0049214D /* SuggestHospitalCollectionViewCell.xib */,
			);
			path = CollectionViewCell;
			sourceTree = "<group>";
		};
		2DFEA6B42BAA0A4A003D9337 /* Models */ = {
			isa = PBXGroup;
			children = (
				2DFEA6B52BAA0A67003D9337 /* OnboardingModel.swift */,
			);
			path = Models;
			sourceTree = "<group>";
		};
		9ED4E67478E51476DB408BBA /* Frameworks */ = {
			isa = PBXGroup;
			children = (
				D76E8DB1A5C2B437BF40323E /* Pods_EyeHub.framework */,
			);
			name = Frameworks;
			sourceTree = "<group>";
		};
		CA7D8D5D75254273230AFD2F /* Pods */ = {
			isa = PBXGroup;
			children = (
				5D0A4707885B1B8A1836066E /* Pods-EyeHub.debug.xcconfig */,
				E916BFFA8F561DF8DDC4B198 /* Pods-EyeHub.release.xcconfig */,
			);
			path = Pods;
			sourceTree = "<group>";
		};
/* End PBXGroup section */

/* Begin PBXNativeTarget section */
		2DB974012B657F16009BE2C8 /* EyeHub */ = {
			isa = PBXNativeTarget;
			buildConfigurationList = 2DB974162B657F17009BE2C8 /* Build configuration list for PBXNativeTarget "EyeHub" */;
			buildPhases = (
				2FF9F1F435B94C7CEB3271E3 /* [CP] Check Pods Manifest.lock */,
				2DB973FE2B657F16009BE2C8 /* Sources */,
				2DB973FF2B657F16009BE2C8 /* Frameworks */,
				2DB974002B657F16009BE2C8 /* Resources */,
				0454D74CCE73BC01E2C2D89A /* [CP] Embed Pods Frameworks */,
			);
			buildRules = (
			);
			dependencies = (
			);
			name = EyeHub;
			productName = EyeHub;
			productReference = 2DB974022B657F16009BE2C8 /* EyeHub.app */;
			productType = "com.apple.product-type.application";
		};
/* End PBXNativeTarget section */

/* Begin PBXProject section */
		2DB973FA2B657F16009BE2C8 /* Project object */ = {
			isa = PBXProject;
			attributes = {
				BuildIndependentTargetsInParallel = 1;
				LastSwiftUpdateCheck = 1500;
				LastUpgradeCheck = 1500;
				TargetAttributes = {
					2DB974012B657F16009BE2C8 = {
						CreatedOnToolsVersion = 15.0.1;
					};
				};
			};
			buildConfigurationList = 2DB973FD2B657F16009BE2C8 /* Build configuration list for PBXProject "EyeHub" */;
			compatibilityVersion = "Xcode 14.0";
			developmentRegion = en;
			hasScannedForEncodings = 0;
			knownRegions = (
				en,
				Base,
			);
			mainGroup = 2DB973F92B657F16009BE2C8;
			productRefGroup = 2DB974032B657F16009BE2C8 /* Products */;
			projectDirPath = "";
			projectRoot = "";
			targets = (
				2DB974012B657F16009BE2C8 /* EyeHub */,
			);
		};
/* End PBXProject section */

/* Begin PBXResourcesBuildPhase section */
		2DB974002B657F16009BE2C8 /* Resources */ = {
			isa = PBXResourcesBuildPhase;
			buildActionMask = 2147483647;
			files = (
				2D6034562BE998980049214D /* BlindColorViewController.xib in Resources */,
				2DB974B02B666C87009BE2C8 /* Kanit-SemiBold.ttf in Resources */,
				2DB974A72B666C87009BE2C8 /* Kanit-ExtraLight.ttf in Resources */,
				2DF3347C2B6AD7910063944B /* HomeScreenCollectionViewCell.xib in Resources */,
				2DB974B22B666C87009BE2C8 /* Kanit-Black.ttf in Resources */,
				2D4AC0082B68182900D5F977 /* Sound2.mp3 in Resources */,
				2D561DE82BDD69B6004CA1C3 /* SnelllenTestCollectionViewCell.xib in Resources */,
				2DDF31EB2BE57C5400E15D4B /* seccondEyeTest.mp3 in Resources */,
				2DF334722B6AD17B0063944B /* CollectionView.xib in Resources */,
				2DB974A82B666C87009BE2C8 /* Kanit-MediumItalic.ttf in Resources */,
				2DA4A61F2B7E543300CC2380 /* NavigationBar.xib in Resources */,
				2DB974C82B67CB9F009BE2C8 /* VoiceConceptViewController.xib in Resources */,
				2DB974122B657F17009BE2C8 /* LaunchScreen.storyboard in Resources */,
				2DB974BC2B667F4F009BE2C8 /* HomeViewController.xib in Resources */,
				2D4D64FF2BBB416800163504 /* BlindColorHistoryViewController.xib in Resources */,
				2DB974AB2B666C87009BE2C8 /* Kanit-BoldItalic.ttf in Resources */,
				2DB974A92B666C87009BE2C8 /* Kanit-LightItalic.ttf in Resources */,
				2D561E0D2BE4174E004CA1C3 /* LandoltCTestViewController.xib in Resources */,
				2DB974AE2B666C87009BE2C8 /* Kanit-Regular.ttf in Resources */,
				2D6A870A2BCECEA8006E2D41 /* 8000.mp3 in Resources */,
				2DDF31F52BE65B5D00E15D4B /* TumblingETestViewController.xib in Resources */,
				2D6034732BEC12F60049214D /* EyeTestOnboardingViewController.xib in Resources */,
				2DA4A6192B7E31A400CC2380 /* success.json in Resources */,
				2DDF31ED2BE642C000E15D4B /* Inter-VariableFont.ttf in Resources */,
				2D561DEC2BDDB8B7004CA1C3 /* BottomSheetTableViewCell.xib in Resources */,
				2D60346F2BEBFB560049214D /* HistoryBottomSheetViewController.xib in Resources */,
				2DB523AE2B7DFA9D00AFF154 /* HearingViewController.xib in Resources */,
				2D60346A2BEBFAD30049214D /* AudiogramTestHistoryViewController.xib in Resources */,
				2D4AC0062B67E48500D5F977 /* Sound1.mp3 in Resources */,
				2D6A87112BCED943006E2D41 /* MessageBox.xib in Resources */,
				2D6A870B2BCECEA8006E2D41 /* 1000.mp3 in Resources */,
				2DB974AC2B666C87009BE2C8 /* Kanit-Light.ttf in Resources */,
				2DDF31EA2BE57C5400E15D4B /* firstEyeTest.mp3 in Resources */,
				2DB974B32B666C87009BE2C8 /* Kanit-Thin.ttf in Resources */,
				2DB9740F2B657F17009BE2C8 /* Assets.xcassets in Resources */,
				2DB974A42B666C87009BE2C8 /* Kanit-Medium.ttf in Resources */,
				2D708EE72BB8B707006146ED /* TableView.xib in Resources */,
				2DB974AD2B666C87009BE2C8 /* Kanit-BlackItalic.ttf in Resources */,
				2DA4A6282B84EB4D00CC2380 /* AphabetSnellenViewController.xib in Resources */,
				2D6A870C2BCECEA8006E2D41 /* 2000.mp3 in Resources */,
				2D6034482BE6BDDC0049214D /* SuggestHospitalCollectionViewCell.xib in Resources */,
				2DB523B02B7E0B8500AFF154 /* animation.json in Resources */,
				2DB974A52B666C87009BE2C8 /* Kanit-Bold.ttf in Resources */,
				2DEB159A2BC44210003FB88C /* 500.mp3 in Resources */,
				2DB974A32B666C87009BE2C8 /* Kanit-Italic.ttf in Resources */,
				2D561DF12BE2A35B004CA1C3 /* EyeTestsSummaryViewController.xib in Resources */,
				2D6034662BEBFAA70049214D /* EyeTestsHistoryViewController.xib in Resources */,
				2D6034622BEAB93E0049214D /* BlindColorTestSummaryViewController.xib in Resources */,
				2DB974AA2B666C87009BE2C8 /* Kanit-ExtraLightItalic.ttf in Resources */,
				2DB974C12B6681BC009BE2C8 /* OnBoardingViewController.xib in Resources */,
				2DB974B12B666C87009BE2C8 /* Kanit-ExtraBoldItalic.ttf in Resources */,
				2D6034442BE6B2BC0049214D /* VolumeUpButton.json in Resources */,
				2DB974B42B666C87009BE2C8 /* Kanit-SemiBoldItalic.ttf in Resources */,
				2D561DFB2BE3F093004CA1C3 /* CollectionViewAnswerBottomSheetViewController.xib in Resources */,
				2DB974AF2B666C87009BE2C8 /* Kanit-ThinItalic.ttf in Resources */,
				2DEB15612BC062EA003FB88C /* HearingTestViewController.xib in Resources */,
				2DB974A62B666C87009BE2C8 /* Kanit-ExtraBold.ttf in Resources */,
				2D39C8242BD86AAC001FDE50 /* AnswerBottomSheetViewController.xib in Resources */,
				2D6A87092BCECEA8006E2D41 /* 4000.mp3 in Resources */,
				2D561E112BE42352004CA1C3 /* BottomSheetAnswerCollectionViewCell.xib in Resources */,
				2D8F3A8F2BA36156009B675D /* HearingTestSummaryViewController.xib in Resources */,
				2D708EEF2BB8C013006146ED /* HistoryTableViewCell.xib in Resources */,
				2DEB15972BC2EBB2003FB88C /* OnBoarding.xib in Resources */,
				2DEB15A12BCC168F003FB88C /* GoogleService-Info.plist in Resources */,
				2DF334652B6AC0AE0063944B /* HomeMenuButton.xib in Resources */,
				2DA1F7CC2BD84422007B3BF7 /* SnellenTestViewController.xib in Resources */,
				2D96EB652BD05EF60082E315 /* headPhone.json in Resources */,
			);
			runOnlyForDeploymentPostprocessing = 0;
		};
/* End PBXResourcesBuildPhase section */

/* Begin PBXShellScriptBuildPhase section */
		0454D74CCE73BC01E2C2D89A /* [CP] Embed Pods Frameworks */ = {
			isa = PBXShellScriptBuildPhase;
			buildActionMask = 2147483647;
			files = (
			);
			inputFileListPaths = (
				"${PODS_ROOT}/Target Support Files/Pods-EyeHub/Pods-EyeHub-frameworks-${CONFIGURATION}-input-files.xcfilelist",
			);
			name = "[CP] Embed Pods Frameworks";
			outputFileListPaths = (
				"${PODS_ROOT}/Target Support Files/Pods-EyeHub/Pods-EyeHub-frameworks-${CONFIGURATION}-output-files.xcfilelist",
			);
			runOnlyForDeploymentPostprocessing = 0;
			shellPath = /bin/sh;
			shellScript = "\"${PODS_ROOT}/Target Support Files/Pods-EyeHub/Pods-EyeHub-frameworks.sh\"\n";
			showEnvVarsInLog = 0;
		};
		2FF9F1F435B94C7CEB3271E3 /* [CP] Check Pods Manifest.lock */ = {
			isa = PBXShellScriptBuildPhase;
			buildActionMask = 2147483647;
			files = (
			);
			inputFileListPaths = (
			);
			inputPaths = (
				"${PODS_PODFILE_DIR_PATH}/Podfile.lock",
				"${PODS_ROOT}/Manifest.lock",
			);
			name = "[CP] Check Pods Manifest.lock";
			outputFileListPaths = (
			);
			outputPaths = (
				"$(DERIVED_FILE_DIR)/Pods-EyeHub-checkManifestLockResult.txt",
			);
			runOnlyForDeploymentPostprocessing = 0;
			shellPath = /bin/sh;
			shellScript = "diff \"${PODS_PODFILE_DIR_PATH}/Podfile.lock\" \"${PODS_ROOT}/Manifest.lock\" > /dev/null\nif [ $? != 0 ] ; then\n    # print error to STDERR\n    echo \"error: The sandbox is not in sync with the Podfile.lock. Run 'pod install' or update your CocoaPods installation.\" >&2\n    exit 1\nfi\n# This output is used by Xcode 'outputs' to avoid re-running this script phase.\necho \"SUCCESS\" > \"${SCRIPT_OUTPUT_FILE_0}\"\n";
			showEnvVarsInLog = 0;
		};
/* End PBXShellScriptBuildPhase section */

/* Begin PBXSourcesBuildPhase section */
		2DB973FE2B657F16009BE2C8 /* Sources */ = {
			isa = PBXSourcesBuildPhase;
			buildActionMask = 2147483647;
			files = (
				2DEB15A32BCECB34003FB88C /* TestResults.swift in Sources */,
				2DA4A6272B84EB4D00CC2380 /* AphabetSnellenViewController.swift in Sources */,
				2DB9746E2B66613C009BE2C8 /* ButtonSize.swift in Sources */,
				2D60344A2BE6C3190049214D /* HospitalNearMeModel.swift in Sources */,
				2DB974762B666182009BE2C8 /* ButtonType.swift in Sources */,
				2D91A3932B6AEE7700CE086C /* CollectionViewModel.swift in Sources */,
				2DA1F7C82BD572EB007B3BF7 /* SnellenTestData.swift in Sources */,
				2DEB15662BC1D026003FB88C /* AudioController.swift in Sources */,
				2DB974B62B666DB5009BE2C8 /* UIFonts+Extension.swift in Sources */,
				2DF3346B2B6AC46C0063944B /* HomeMenuButtonActionState.swift in Sources */,
				2DA4A62C2B84EC5700CC2380 /* HearingTestViewModel.swift in Sources */,
				2D561E072BE3FA73004CA1C3 /* CollectionViewTestType.swift in Sources */,
				2DB9747C2B66641F009BE2C8 /* Typography.swift in Sources */,
				2DB974702B66614A009BE2C8 /* ButtonState.swift in Sources */,
				2D60345E2BEAA3EA0049214D /* BlindColorResult.swift in Sources */,
				2D6034692BEBFAD30049214D /* AudiogramTestHistoryViewController.swift in Sources */,
				2D561DFA2BE3F093004CA1C3 /* CollectionViewAnswerBottomSheetViewController.swift in Sources */,
				2DEB15952BC2EBA5003FB88C /* OnBoarding.swift in Sources */,
				2D6A870F2BCED936006E2D41 /* MessageBox.swift in Sources */,
				2DB974742B666172009BE2C8 /* ButtonSubType.swift in Sources */,
				2D561E052BE3F647004CA1C3 /* LandoltCTestData.swift in Sources */,
				2D4D64FB2BBB403600163504 /* OnbaordingViewModel.swift in Sources */,
				2DDF31F12BE65A5500E15D4B /* TumblingETestData.swift in Sources */,
				2DF3347B2B6AD7910063944B /* HomeScreenCollectionViewCell.swift in Sources */,
				2D561DF52BE2A5E8004CA1C3 /* EyeTestsType.swift in Sources */,
				2DF3346D2B6AC4B00063944B /* HomeMenuButtonViewModel.swift in Sources */,
				2D561DF32BE2A419004CA1C3 /* SnellenTestResultList.swift in Sources */,
				2DEB15602BC062EA003FB88C /* HearingTestViewController.swift in Sources */,
				2D39C8232BD86AAC001FDE50 /* AnswerBottomSheetViewController.swift in Sources */,
				2D561DF02BE2A35B004CA1C3 /* EyeTestsSummaryViewController.swift in Sources */,
				2D6034652BEBFAA70049214D /* EyeTestsHistoryViewController.swift in Sources */,
				2D561DEB2BDDB8B7004CA1C3 /* BottomSheetTableViewCell.swift in Sources */,
				2D708EE52BB8B6FB006146ED /* TableView.swift in Sources */,
				2D708EE92BB8B92A006146ED /* UITableView+Extension.swift in Sources */,
				2D8F3A8E2BA36156009B675D /* HearingTestSummaryViewController.swift in Sources */,
				2DB974472B663077009BE2C8 /* UIView+Extension.swift in Sources */,
				2DA1F7CB2BD84422007B3BF7 /* SnellenTestViewController.swift in Sources */,
				2D561E0C2BE4174E004CA1C3 /* LandoltCTestViewController.swift in Sources */,
				2DFEA6B62BAA0A67003D9337 /* OnboardingModel.swift in Sources */,
				2DEB15642BC07B4D003FB88C /* ToneGenerator.swift in Sources */,
				2D60346E2BEBFB560049214D /* HistoryBottomSheetViewController.swift in Sources */,
				2DA4A61D2B7E542300CC2380 /* NavigationBar.swift in Sources */,
				2DF334692B6AC4090063944B /* HomeMenuButtonState.swift in Sources */,
				2D561E092BE41602004CA1C3 /* CardModel.swift in Sources */,
				2DB974292B658244009BE2C8 /* EyeHubColor.swift in Sources */,
				2DB9743F2B6594DC009BE2C8 /* EyeHubRadius.swift in Sources */,
				2D708EDC2BB8B28A006146ED /* TableViewType.swift in Sources */,
				2D4D64FE2BBB416800163504 /* BlindColorHistoryViewController.swift in Sources */,
				2D6034552BE998980049214D /* BlindColorViewController.swift in Sources */,
				2DA1F7C42BD568D2007B3BF7 /* HearingViewModel.swift in Sources */,
				2DB523AD2B7DFA9D00AFF154 /* HearingViewController.swift in Sources */,
				2D561E102BE42352004CA1C3 /* BottomSheetAnswerCollectionViewCell.swift in Sources */,
				2DF334632B6AC0A50063944B /* HomeMenuButton.swift in Sources */,
				2D561DE72BDD69B6004CA1C3 /* SnelllenTestCollectionViewCell.swift in Sources */,
				2DEB159D2BC4583E003FB88C /* TestFrequencies.swift in Sources */,
				2DB9746A2B666120009BE2C8 /* Appearance.swift in Sources */,
				2DB9746C2B66612F009BE2C8 /* PaddingModel.swift in Sources */,
				2DA4A6232B81038E00CC2380 /* BlankBottomSheet.swift in Sources */,
				2DB974C02B6681BC009BE2C8 /* OnBoardingViewController.swift in Sources */,
				2DB974BA2B667C39009BE2C8 /* HomeViewController.swift in Sources */,
				2DDF31F42BE65B5D00E15D4B /* TumblingETestViewController.swift in Sources */,
				2D6034472BE6BDDC0049214D /* SuggestHospitalCollectionViewCell.swift in Sources */,
				2DB974C72B67CB9F009BE2C8 /* VoiceConceptViewController.swift in Sources */,
				2D6034612BEAB93E0049214D /* BlindColorTestSummaryViewController.swift in Sources */,
				2DF334742B6AD3360063944B /* CollectionViewType.swift in Sources */,
				2D708EEB2BB8BB17006146ED /* TableViewViewModel.swift in Sources */,
				2DB974062B657F16009BE2C8 /* AppDelegate.swift in Sources */,
				2DF334762B6AD4750063944B /* UICollectionView+Extensions.swift in Sources */,
				2D708EEE2BB8C013006146ED /* HistoryTableViewCell.swift in Sources */,
				2D6A87142BCF0C0E006E2D41 /* EarTestResultList.swift in Sources */,
				2DB9747A2B6661A4009BE2C8 /* PrimaryButton.swift in Sources */,
				2D6034722BEC12F60049214D /* EyeTestOnboardingViewController.swift in Sources */,
				2D60344D2BE7FC3B0049214D /* BlindColorTestData.swift in Sources */,
				2DF334702B6AD16A0063944B /* CollectionView.swift in Sources */,
				2DB974782B666198009BE2C8 /* ButtonColorAppearanceBuilder.swift in Sources */,
			);
			runOnlyForDeploymentPostprocessing = 0;
		};
/* End PBXSourcesBuildPhase section */

/* Begin PBXVariantGroup section */
		2DB974102B657F17009BE2C8 /* LaunchScreen.storyboard */ = {
			isa = PBXVariantGroup;
			children = (
				2DB974112B657F17009BE2C8 /* Base */,
			);
			name = LaunchScreen.storyboard;
			sourceTree = "<group>";
		};
/* End PBXVariantGroup section */

/* Begin XCBuildConfiguration section */
		2DB974142B657F17009BE2C8 /* Debug */ = {
			isa = XCBuildConfiguration;
			buildSettings = {
				ALWAYS_SEARCH_USER_PATHS = NO;
				ASSETCATALOG_COMPILER_GENERATE_SWIFT_ASSET_SYMBOL_EXTENSIONS = YES;
				CLANG_ANALYZER_NONNULL = YES;
				CLANG_ANALYZER_NUMBER_OBJECT_CONVERSION = YES_AGGRESSIVE;
				CLANG_CXX_LANGUAGE_STANDARD = "gnu++20";
				CLANG_ENABLE_MODULES = YES;
				CLANG_ENABLE_OBJC_ARC = YES;
				CLANG_ENABLE_OBJC_WEAK = YES;
				CLANG_WARN_BLOCK_CAPTURE_AUTORELEASING = YES;
				CLANG_WARN_BOOL_CONVERSION = YES;
				CLANG_WARN_COMMA = YES;
				CLANG_WARN_CONSTANT_CONVERSION = YES;
				CLANG_WARN_DEPRECATED_OBJC_IMPLEMENTATIONS = YES;
				CLANG_WARN_DIRECT_OBJC_ISA_USAGE = YES_ERROR;
				CLANG_WARN_DOCUMENTATION_COMMENTS = YES;
				CLANG_WARN_EMPTY_BODY = YES;
				CLANG_WARN_ENUM_CONVERSION = YES;
				CLANG_WARN_INFINITE_RECURSION = YES;
				CLANG_WARN_INT_CONVERSION = YES;
				CLANG_WARN_NON_LITERAL_NULL_CONVERSION = YES;
				CLANG_WARN_OBJC_IMPLICIT_RETAIN_SELF = YES;
				CLANG_WARN_OBJC_LITERAL_CONVERSION = YES;
				CLANG_WARN_OBJC_ROOT_CLASS = YES_ERROR;
				CLANG_WARN_QUOTED_INCLUDE_IN_FRAMEWORK_HEADER = YES;
				CLANG_WARN_RANGE_LOOP_ANALYSIS = YES;
				CLANG_WARN_STRICT_PROTOTYPES = YES;
				CLANG_WARN_SUSPICIOUS_MOVE = YES;
				CLANG_WARN_UNGUARDED_AVAILABILITY = YES_AGGRESSIVE;
				CLANG_WARN_UNREACHABLE_CODE = YES;
				CLANG_WARN__DUPLICATE_METHOD_MATCH = YES;
				COPY_PHASE_STRIP = NO;
				DEBUG_INFORMATION_FORMAT = dwarf;
				ENABLE_STRICT_OBJC_MSGSEND = YES;
				ENABLE_TESTABILITY = YES;
				ENABLE_USER_SCRIPT_SANDBOXING = YES;
				GCC_C_LANGUAGE_STANDARD = gnu17;
				GCC_DYNAMIC_NO_PIC = NO;
				GCC_NO_COMMON_BLOCKS = YES;
				GCC_OPTIMIZATION_LEVEL = 0;
				GCC_PREPROCESSOR_DEFINITIONS = (
					"DEBUG=1",
					"$(inherited)",
				);
				GCC_WARN_64_TO_32_BIT_CONVERSION = YES;
				GCC_WARN_ABOUT_RETURN_TYPE = YES_ERROR;
				GCC_WARN_UNDECLARED_SELECTOR = YES;
				GCC_WARN_UNINITIALIZED_AUTOS = YES_AGGRESSIVE;
				GCC_WARN_UNUSED_FUNCTION = YES;
				GCC_WARN_UNUSED_VARIABLE = YES;
				IPHONEOS_DEPLOYMENT_TARGET = 14.0;
				LOCALIZATION_PREFERS_STRING_CATALOGS = YES;
				MTL_ENABLE_DEBUG_INFO = INCLUDE_SOURCE;
				MTL_FAST_MATH = YES;
				ONLY_ACTIVE_ARCH = YES;
				SDKROOT = iphoneos;
				SWIFT_ACTIVE_COMPILATION_CONDITIONS = "DEBUG $(inherited)";
				SWIFT_OPTIMIZATION_LEVEL = "-Onone";
			};
			name = Debug;
		};
		2DB974152B657F17009BE2C8 /* Release */ = {
			isa = XCBuildConfiguration;
			buildSettings = {
				ALWAYS_SEARCH_USER_PATHS = NO;
				ASSETCATALOG_COMPILER_GENERATE_SWIFT_ASSET_SYMBOL_EXTENSIONS = YES;
				CLANG_ANALYZER_NONNULL = YES;
				CLANG_ANALYZER_NUMBER_OBJECT_CONVERSION = YES_AGGRESSIVE;
				CLANG_CXX_LANGUAGE_STANDARD = "gnu++20";
				CLANG_ENABLE_MODULES = YES;
				CLANG_ENABLE_OBJC_ARC = YES;
				CLANG_ENABLE_OBJC_WEAK = YES;
				CLANG_WARN_BLOCK_CAPTURE_AUTORELEASING = YES;
				CLANG_WARN_BOOL_CONVERSION = YES;
				CLANG_WARN_COMMA = YES;
				CLANG_WARN_CONSTANT_CONVERSION = YES;
				CLANG_WARN_DEPRECATED_OBJC_IMPLEMENTATIONS = YES;
				CLANG_WARN_DIRECT_OBJC_ISA_USAGE = YES_ERROR;
				CLANG_WARN_DOCUMENTATION_COMMENTS = YES;
				CLANG_WARN_EMPTY_BODY = YES;
				CLANG_WARN_ENUM_CONVERSION = YES;
				CLANG_WARN_INFINITE_RECURSION = YES;
				CLANG_WARN_INT_CONVERSION = YES;
				CLANG_WARN_NON_LITERAL_NULL_CONVERSION = YES;
				CLANG_WARN_OBJC_IMPLICIT_RETAIN_SELF = YES;
				CLANG_WARN_OBJC_LITERAL_CONVERSION = YES;
				CLANG_WARN_OBJC_ROOT_CLASS = YES_ERROR;
				CLANG_WARN_QUOTED_INCLUDE_IN_FRAMEWORK_HEADER = YES;
				CLANG_WARN_RANGE_LOOP_ANALYSIS = YES;
				CLANG_WARN_STRICT_PROTOTYPES = YES;
				CLANG_WARN_SUSPICIOUS_MOVE = YES;
				CLANG_WARN_UNGUARDED_AVAILABILITY = YES_AGGRESSIVE;
				CLANG_WARN_UNREACHABLE_CODE = YES;
				CLANG_WARN__DUPLICATE_METHOD_MATCH = YES;
				COPY_PHASE_STRIP = NO;
				DEBUG_INFORMATION_FORMAT = "dwarf-with-dsym";
				ENABLE_NS_ASSERTIONS = NO;
				ENABLE_STRICT_OBJC_MSGSEND = YES;
				ENABLE_USER_SCRIPT_SANDBOXING = YES;
				GCC_C_LANGUAGE_STANDARD = gnu17;
				GCC_NO_COMMON_BLOCKS = YES;
				GCC_WARN_64_TO_32_BIT_CONVERSION = YES;
				GCC_WARN_ABOUT_RETURN_TYPE = YES_ERROR;
				GCC_WARN_UNDECLARED_SELECTOR = YES;
				GCC_WARN_UNINITIALIZED_AUTOS = YES_AGGRESSIVE;
				GCC_WARN_UNUSED_FUNCTION = YES;
				GCC_WARN_UNUSED_VARIABLE = YES;
				IPHONEOS_DEPLOYMENT_TARGET = 14.0;
				LOCALIZATION_PREFERS_STRING_CATALOGS = YES;
				MTL_ENABLE_DEBUG_INFO = NO;
				MTL_FAST_MATH = YES;
				SDKROOT = iphoneos;
				SWIFT_COMPILATION_MODE = wholemodule;
				VALIDATE_PRODUCT = YES;
			};
			name = Release;
		};
		2DB974172B657F17009BE2C8 /* Debug */ = {
			isa = XCBuildConfiguration;
			baseConfigurationReference = 5D0A4707885B1B8A1836066E /* Pods-EyeHub.debug.xcconfig */;
			buildSettings = {
				ASSETCATALOG_COMPILER_APPICON_NAME = AppIcon;
				ASSETCATALOG_COMPILER_GLOBAL_ACCENT_COLOR_NAME = AccentColor;
				CODE_SIGN_ENTITLEMENTS = EyeHub/EyeHub.entitlements;
				CODE_SIGN_STYLE = Automatic;
				CURRENT_PROJECT_VERSION = 1;
				DEVELOPMENT_TEAM = VZKG7M8FDU;
				ENABLE_USER_SCRIPT_SANDBOXING = NO;
				GENERATE_INFOPLIST_FILE = YES;
				INFOPLIST_FILE = EyeHub/Info.plist;
				INFOPLIST_KEY_NSHealthShareUsageDescription = "Your app needs to access your health data to track your headphone audio exposure.";
				INFOPLIST_KEY_NSHealthUpdateUsageDescription = "Your app needs to update your health data to store your headphone audio exposure information.";
				INFOPLIST_KEY_NSMicrophoneUsageDescription = "Please allow the mic";
				INFOPLIST_KEY_NSSpeechRecognitionUsageDescription = "Please allow the recoginization";
				INFOPLIST_KEY_UIApplicationSupportsIndirectInputEvents = YES;
				INFOPLIST_KEY_UILaunchStoryboardName = LaunchScreen;
				INFOPLIST_KEY_UISupportedInterfaceOrientations = UIInterfaceOrientationPortrait;
				INFOPLIST_KEY_UIUserInterfaceStyle = Light;
				IPHONEOS_DEPLOYMENT_TARGET = 14.0;
				LD_RUNPATH_SEARCH_PATHS = (
					"$(inherited)",
					"@executable_path/Frameworks",
				);
				MARKETING_VERSION = 1.0;
				PRODUCT_BUNDLE_IDENTIFIER = com.nattapon.tape.EyeHub;
				PRODUCT_NAME = "$(TARGET_NAME)";
				SUPPORTED_PLATFORMS = "iphoneos iphonesimulator";
				SUPPORTS_MACCATALYST = NO;
				SUPPORTS_MAC_DESIGNED_FOR_IPHONE_IPAD = NO;
				SWIFT_EMIT_LOC_STRINGS = YES;
				SWIFT_VERSION = 5.0;
				TARGETED_DEVICE_FAMILY = 1;
			};
			name = Debug;
		};
		2DB974182B657F17009BE2C8 /* Release */ = {
			isa = XCBuildConfiguration;
			baseConfigurationReference = E916BFFA8F561DF8DDC4B198 /* Pods-EyeHub.release.xcconfig */;
			buildSettings = {
				ASSETCATALOG_COMPILER_APPICON_NAME = AppIcon;
				ASSETCATALOG_COMPILER_GLOBAL_ACCENT_COLOR_NAME = AccentColor;
				CODE_SIGN_ENTITLEMENTS = EyeHub/EyeHub.entitlements;
				CODE_SIGN_STYLE = Automatic;
				CURRENT_PROJECT_VERSION = 1;
				DEVELOPMENT_TEAM = VZKG7M8FDU;
				ENABLE_USER_SCRIPT_SANDBOXING = NO;
				GENERATE_INFOPLIST_FILE = YES;
				INFOPLIST_FILE = EyeHub/Info.plist;
				INFOPLIST_KEY_NSHealthShareUsageDescription = "Your app needs to access your health data to track your headphone audio exposure.";
				INFOPLIST_KEY_NSHealthUpdateUsageDescription = "Your app needs to update your health data to store your headphone audio exposure information.";
				INFOPLIST_KEY_NSMicrophoneUsageDescription = "Please allow the mic";
				INFOPLIST_KEY_NSSpeechRecognitionUsageDescription = "Please allow the recoginization";
				INFOPLIST_KEY_UIApplicationSupportsIndirectInputEvents = YES;
				INFOPLIST_KEY_UILaunchStoryboardName = LaunchScreen;
				INFOPLIST_KEY_UISupportedInterfaceOrientations = UIInterfaceOrientationPortrait;
				INFOPLIST_KEY_UIUserInterfaceStyle = Light;
				IPHONEOS_DEPLOYMENT_TARGET = 14.0;
				LD_RUNPATH_SEARCH_PATHS = (
					"$(inherited)",
					"@executable_path/Frameworks",
				);
				MARKETING_VERSION = 1.0;
				PRODUCT_BUNDLE_IDENTIFIER = com.nattapon.tape.EyeHub;
				PRODUCT_NAME = "$(TARGET_NAME)";
				SUPPORTED_PLATFORMS = "iphoneos iphonesimulator";
				SUPPORTS_MACCATALYST = NO;
				SUPPORTS_MAC_DESIGNED_FOR_IPHONE_IPAD = NO;
				SWIFT_EMIT_LOC_STRINGS = YES;
				SWIFT_VERSION = 5.0;
				TARGETED_DEVICE_FAMILY = 1;
			};
			name = Release;
		};
/* End XCBuildConfiguration section */

/* Begin XCConfigurationList section */
		2DB973FD2B657F16009BE2C8 /* Build configuration list for PBXProject "EyeHub" */ = {
			isa = XCConfigurationList;
			buildConfigurations = (
				2DB974142B657F17009BE2C8 /* Debug */,
				2DB974152B657F17009BE2C8 /* Release */,
			);
			defaultConfigurationIsVisible = 0;
			defaultConfigurationName = Release;
		};
		2DB974162B657F17009BE2C8 /* Build configuration list for PBXNativeTarget "EyeHub" */ = {
			isa = XCConfigurationList;
			buildConfigurations = (
				2DB974172B657F17009BE2C8 /* Debug */,
				2DB974182B657F17009BE2C8 /* Release */,
			);
			defaultConfigurationIsVisible = 0;
			defaultConfigurationName = Release;
		};
/* End XCConfigurationList section */
	};
	rootObject = 2DB973FA2B657F16009BE2C8 /* Project object */;
}
